// !$*UTF8*$!
{
	archiveVersion = 1;
	classes = {
	};
	objectVersion = 50;
	objects = {

/* Begin PBXBuildFile section */
		030217522181B9AA0055D800 /* SelectAccountViewContollerTests.swift in Sources */ = {isa = PBXBuildFile; fileRef = 030217512181B9AA0055D800 /* SelectAccountViewContollerTests.swift */; };
		030217542181B9F30055D800 /* TestSelectAccountViewModel.swift in Sources */ = {isa = PBXBuildFile; fileRef = 030217532181B9F30055D800 /* TestSelectAccountViewModel.swift */; };
		0306DC71215A255100612953 /* SessionManager.swift in Sources */ = {isa = PBXBuildFile; fileRef = 0306DC70215A255100612953 /* SessionManager.swift */; };
		0306DC81215A25A100612953 /* Theme.swift in Sources */ = {isa = PBXBuildFile; fileRef = 0306DC72215A25A100612953 /* Theme.swift */; };
		0306DC82215A25A100612953 /* Biometric.swift in Sources */ = {isa = PBXBuildFile; fileRef = 0306DC73215A25A100612953 /* Biometric.swift */; };
		0306DC83215A25A100612953 /* BaseViewControllerProtocols.swift in Sources */ = {isa = PBXBuildFile; fileRef = 0306DC74215A25A100612953 /* BaseViewControllerProtocols.swift */; };
		0306DC84215A25A100612953 /* CustomView.swift in Sources */ = {isa = PBXBuildFile; fileRef = 0306DC75215A25A100612953 /* CustomView.swift */; };
		0306DC85215A25A100612953 /* MBProgressHUDBuilder.swift in Sources */ = {isa = PBXBuildFile; fileRef = 0306DC76215A25A100612953 /* MBProgressHUDBuilder.swift */; };
		0306DC86215A25A100612953 /* Constant.swift in Sources */ = {isa = PBXBuildFile; fileRef = 0306DC77215A25A100612953 /* Constant.swift */; };
		0306DC88215A25A100612953 /* KeychainWrapper.swift in Sources */ = {isa = PBXBuildFile; fileRef = 0306DC79215A25A100612953 /* KeychainWrapper.swift */; };
		0306DC89215A25A100612953 /* AppState.swift in Sources */ = {isa = PBXBuildFile; fileRef = 0306DC7A215A25A100612953 /* AppState.swift */; };
		0306DC8A215A25A100612953 /* OmiseGOWrapper.swift in Sources */ = {isa = PBXBuildFile; fileRef = 0306DC7B215A25A100612953 /* OmiseGOWrapper.swift */; };
		0306DC8B215A25A100612953 /* Observable.swift in Sources */ = {isa = PBXBuildFile; fileRef = 0306DC7C215A25A100612953 /* Observable.swift */; };
		0306DC8C215A25A100612953 /* UserDefaultsWrapper.swift in Sources */ = {isa = PBXBuildFile; fileRef = 0306DC7D215A25A100612953 /* UserDefaultsWrapper.swift */; };
		0306DC8D215A25A100612953 /* Closure.swift in Sources */ = {isa = PBXBuildFile; fileRef = 0306DC7E215A25A100612953 /* Closure.swift */; };
		0306DC8E215A25A100612953 /* Extension.swift in Sources */ = {isa = PBXBuildFile; fileRef = 0306DC7F215A25A100612953 /* Extension.swift */; };
		0306DC8F215A25A100612953 /* Storyboard.swift in Sources */ = {isa = PBXBuildFile; fileRef = 0306DC80215A25A100612953 /* Storyboard.swift */; };
		0306DC92215A27C900612953 /* Welcome.storyboard in Resources */ = {isa = PBXBuildFile; fileRef = 0306DC90215A27C900612953 /* Welcome.storyboard */; };
		0306DC95215A27D600612953 /* Signin.storyboard in Resources */ = {isa = PBXBuildFile; fileRef = 0306DC93215A27D600612953 /* Signin.storyboard */; };
		0306DC97215A28C100612953 /* Publisher.swift in Sources */ = {isa = PBXBuildFile; fileRef = 0306DC96215A28C100612953 /* Publisher.swift */; };
		0306DC99215A28D900612953 /* AppEvent.swift in Sources */ = {isa = PBXBuildFile; fileRef = 0306DC98215A28D900612953 /* AppEvent.swift */; };
		0306DC9B215A290400612953 /* POSMerchantError.swift in Sources */ = {isa = PBXBuildFile; fileRef = 0306DC9A215A290400612953 /* POSMerchantError.swift */; };
		0306DC9D215A2B2000612953 /* POSMerchantManager.swift in Sources */ = {isa = PBXBuildFile; fileRef = 0306DC9C215A2B2000612953 /* POSMerchantManager.swift */; };
		0306DCA1215A32C400612953 /* BaseViewModel.swift in Sources */ = {isa = PBXBuildFile; fileRef = 0306DCA0215A32C400612953 /* BaseViewModel.swift */; };
		0306DCA3215A32F000612953 /* BaseViewController.swift in Sources */ = {isa = PBXBuildFile; fileRef = 0306DCA2215A32F000612953 /* BaseViewController.swift */; };
		0306DCA7215A334E00612953 /* LoadingView.xib in Resources */ = {isa = PBXBuildFile; fileRef = 0306DCA5215A334E00612953 /* LoadingView.xib */; };
		0306DCA8215A334E00612953 /* LoadingView.swift in Sources */ = {isa = PBXBuildFile; fileRef = 0306DCA6215A334E00612953 /* LoadingView.swift */; };
		0306DCAA215A352500612953 /* SigninViewModel.swift in Sources */ = {isa = PBXBuildFile; fileRef = 0306DCA9215A352500612953 /* SigninViewModel.swift */; };
		0306DCAC215A355800612953 /* SigninViewModelProtocol.swift in Sources */ = {isa = PBXBuildFile; fileRef = 0306DCAB215A355800612953 /* SigninViewModelProtocol.swift */; };
		0306DCAE215A36C600612953 /* SigninViewController.swift in Sources */ = {isa = PBXBuildFile; fileRef = 0306DCAD215A36C600612953 /* SigninViewController.swift */; };
		0325B59321632CDF006850FF /* Transaction.storyboard in Resources */ = {isa = PBXBuildFile; fileRef = 0325B59121632CDF006850FF /* Transaction.storyboard */; };
		0325B59521633405006850FF /* TransactionConfirmationViewController.swift in Sources */ = {isa = PBXBuildFile; fileRef = 0325B59421633405006850FF /* TransactionConfirmationViewController.swift */; };
		0325B59721633428006850FF /* TransactionConfirmationViewModelProtocol.swift in Sources */ = {isa = PBXBuildFile; fileRef = 0325B59621633428006850FF /* TransactionConfirmationViewModelProtocol.swift */; };
		0325B5992163345E006850FF /* TransactionConfirmationViewModel.swift in Sources */ = {isa = PBXBuildFile; fileRef = 0325B5982163345E006850FF /* TransactionConfirmationViewModel.swift */; };
		0325B59B21635BF4006850FF /* TransactionBuilder.swift in Sources */ = {isa = PBXBuildFile; fileRef = 0325B59A21635BF4006850FF /* TransactionBuilder.swift */; };
		0328FEFC218173F100AC7CD2 /* SelectAccountViewModelTests.swift in Sources */ = {isa = PBXBuildFile; fileRef = 0328FEFB218173F100AC7CD2 /* SelectAccountViewModelTests.swift */; };
		0328FEFE2181749200AC7CD2 /* TestAccountLoader.swift in Sources */ = {isa = PBXBuildFile; fileRef = 0328FEFD2181749200AC7CD2 /* TestAccountLoader.swift */; };
		0328FF002181783500AC7CD2 /* StubGenerator.swift in Sources */ = {isa = PBXBuildFile; fileRef = 0328FEFF2181783500AC7CD2 /* StubGenerator.swift */; };
		0328FF022181799500AC7CD2 /* Fixtures in Resources */ = {isa = PBXBuildFile; fileRef = 0328FF012181799400AC7CD2 /* Fixtures */; };
		032BACAB2165CE7E00D63EBC /* TabBarViewController.swift in Sources */ = {isa = PBXBuildFile; fileRef = 032BACAA2165CE7E00D63EBC /* TabBarViewController.swift */; };
		032BACAD2165CE9F00D63EBC /* TabBarViewModel.swift in Sources */ = {isa = PBXBuildFile; fileRef = 032BACAC2165CE9F00D63EBC /* TabBarViewModel.swift */; };
		033802A5215B9AAE00C2501F /* WelcomeViewController.swift in Sources */ = {isa = PBXBuildFile; fileRef = 033802A4215B9AAE00C2501F /* WelcomeViewController.swift */; };
		033802A7215B9ABC00C2501F /* WelcomeViewModel.swift in Sources */ = {isa = PBXBuildFile; fileRef = 033802A6215B9ABC00C2501F /* WelcomeViewModel.swift */; };
		033802A9215B9AC600C2501F /* WelcomeViewModelProtocol.swift in Sources */ = {isa = PBXBuildFile; fileRef = 033802A8215B9AC600C2501F /* WelcomeViewModelProtocol.swift */; };
		033802AE215CA3BC00C2501F /* Loading.storyboard in Resources */ = {isa = PBXBuildFile; fileRef = 033802AC215CA3BC00C2501F /* Loading.storyboard */; };
		033802B0215CA3DA00C2501F /* LoadingViewController.swift in Sources */ = {isa = PBXBuildFile; fileRef = 033802AF215CA3DA00C2501F /* LoadingViewController.swift */; };
		033802B2215CA3EA00C2501F /* LoadingViewModelProtocol.swift in Sources */ = {isa = PBXBuildFile; fileRef = 033802B1215CA3EA00C2501F /* LoadingViewModelProtocol.swift */; };
		033802B4215CA3F100C2501F /* LoadingViewModel.swift in Sources */ = {isa = PBXBuildFile; fileRef = 033802B3215CA3F100C2501F /* LoadingViewModel.swift */; };
		033802BA215CBDFC00C2501F /* TabBar.storyboard in Resources */ = {isa = PBXBuildFile; fileRef = 033802B8215CBDFC00C2501F /* TabBar.storyboard */; };
		033802BD215CBE7400C2501F /* KeypadInput.storyboard in Resources */ = {isa = PBXBuildFile; fileRef = 033802BB215CBE7400C2501F /* KeypadInput.storyboard */; };
		033802C0215CBE8F00C2501F /* Topup.storyboard in Resources */ = {isa = PBXBuildFile; fileRef = 033802BE215CBE8F00C2501F /* Topup.storyboard */; };
		033802C3215CBEA000C2501F /* More.storyboard in Resources */ = {isa = PBXBuildFile; fileRef = 033802C1215CBEA000C2501F /* More.storyboard */; };
		033802C6215CC0E000C2501F /* Keyboard.storyboard in Resources */ = {isa = PBXBuildFile; fileRef = 033802C4215CC0E000C2501F /* Keyboard.storyboard */; };
		033802CA215CC33400C2501F /* KeypadInputViewModelProtocol.swift in Sources */ = {isa = PBXBuildFile; fileRef = 033802C9215CC33400C2501F /* KeypadInputViewModelProtocol.swift */; };
		033802CC215CC34600C2501F /* KeypadInputViewModel.swift in Sources */ = {isa = PBXBuildFile; fileRef = 033802CB215CC34600C2501F /* KeypadInputViewModel.swift */; };
		033802CE215CC95200C2501F /* KeyboardViewController.swift in Sources */ = {isa = PBXBuildFile; fileRef = 033802CD215CC95200C2501F /* KeyboardViewController.swift */; };
		033802D0215CC96500C2501F /* KeyboardViewModelProtocol.swift in Sources */ = {isa = PBXBuildFile; fileRef = 033802CF215CC96500C2501F /* KeyboardViewModelProtocol.swift */; };
		033802D2215CC97700C2501F /* KeyboardViewModel.swift in Sources */ = {isa = PBXBuildFile; fileRef = 033802D1215CC97700C2501F /* KeyboardViewModel.swift */; };
		033802D5215DDF4700C2501F /* SelectToken.storyboard in Resources */ = {isa = PBXBuildFile; fileRef = 033802D3215DDF4700C2501F /* SelectToken.storyboard */; };
		033802D7215DDF7300C2501F /* SelectTokenTableViewController.swift in Sources */ = {isa = PBXBuildFile; fileRef = 033802D6215DDF7300C2501F /* SelectTokenTableViewController.swift */; };
		033802D9215DDF7F00C2501F /* SelectTokenViewModelProtocol.swift in Sources */ = {isa = PBXBuildFile; fileRef = 033802D8215DDF7F00C2501F /* SelectTokenViewModelProtocol.swift */; };
		033802DB215DDFA200C2501F /* SelectTokenViewModel.swift in Sources */ = {isa = PBXBuildFile; fileRef = 033802DA215DDFA200C2501F /* SelectTokenViewModel.swift */; };
		033802DE215DEAB400C2501F /* BalanceTableViewCell.swift in Sources */ = {isa = PBXBuildFile; fileRef = 033802DC215DEAB400C2501F /* BalanceTableViewCell.swift */; };
		033802DF215DEAB400C2501F /* BalanceTableViewCell.xib in Resources */ = {isa = PBXBuildFile; fileRef = 033802DD215DEAB400C2501F /* BalanceTableViewCell.xib */; };
		033802E1215DEABE00C2501F /* BalanceCellViewModel.swift in Sources */ = {isa = PBXBuildFile; fileRef = 033802E0215DEABE00C2501F /* BalanceCellViewModel.swift */; };
		033802E62161EBD100C2501F /* QRReader.storyboard in Resources */ = {isa = PBXBuildFile; fileRef = 033802E42161EBD100C2501F /* QRReader.storyboard */; };
		033802E82161EC6A00C2501F /* QRReaderViewController.swift in Sources */ = {isa = PBXBuildFile; fileRef = 033802E72161EC6A00C2501F /* QRReaderViewController.swift */; };
		033802EA2161EC7D00C2501F /* QRReaderViewModelProtocol.swift in Sources */ = {isa = PBXBuildFile; fileRef = 033802E92161EC7D00C2501F /* QRReaderViewModelProtocol.swift */; };
		033802EC2161EC8D00C2501F /* QRReaderViewModel.swift in Sources */ = {isa = PBXBuildFile; fileRef = 033802EB2161EC8D00C2501F /* QRReaderViewModel.swift */; };
		033802EE2161EEFC00C2501F /* QRReaderOverlayView.swift in Sources */ = {isa = PBXBuildFile; fileRef = 033802ED2161EEFC00C2501F /* QRReaderOverlayView.swift */; };
		033802F02161F48700C2501F /* QRReader.swift in Sources */ = {isa = PBXBuildFile; fileRef = 033802EF2161F48700C2501F /* QRReader.swift */; };
		0341BCB5216DE56F001928FE /* WaitingForUserConfirmationViewController.swift in Sources */ = {isa = PBXBuildFile; fileRef = 0341BCB4216DE56F001928FE /* WaitingForUserConfirmationViewController.swift */; };
		03467AB32165E9F700A33064 /* KeypadInputViewController.swift in Sources */ = {isa = PBXBuildFile; fileRef = 03467AB22165E9F700A33064 /* KeypadInputViewController.swift */; };
		03467AB52165EA9A00A33064 /* ReceiveViewModel.swift in Sources */ = {isa = PBXBuildFile; fileRef = 03467AB42165EA9A00A33064 /* ReceiveViewModel.swift */; };
		03467AB72165EF6A00A33064 /* TopUpViewModel.swift in Sources */ = {isa = PBXBuildFile; fileRef = 03467AB62165EF6A00A33064 /* TopUpViewModel.swift */; };
		03467ABB2165F38C00A33064 /* ReceiveViewController.swift in Sources */ = {isa = PBXBuildFile; fileRef = 03467ABA2165F38C00A33064 /* ReceiveViewController.swift */; };
		03467ABD2165F3A000A33064 /* TopupViewController.swift in Sources */ = {isa = PBXBuildFile; fileRef = 03467ABC2165F3A000A33064 /* TopupViewController.swift */; };
		0354DDFC2166175E009D9E7B /* MoreTableViewController.swift in Sources */ = {isa = PBXBuildFile; fileRef = 0354DDFB2166175E009D9E7B /* MoreTableViewController.swift */; };
		0354DDFE216617BD009D9E7B /* TouchIDConfirmationViewController.swift in Sources */ = {isa = PBXBuildFile; fileRef = 0354DDFD216617BD009D9E7B /* TouchIDConfirmationViewController.swift */; };
		0354DE0021661CE1009D9E7B /* MoreTableViewModelProtocol.swift in Sources */ = {isa = PBXBuildFile; fileRef = 0354DDFF21661CE1009D9E7B /* MoreTableViewModelProtocol.swift */; };
		0354DE0221661CFA009D9E7B /* MoreTableViewModel.swift in Sources */ = {isa = PBXBuildFile; fileRef = 0354DE0121661CFA009D9E7B /* MoreTableViewModel.swift */; };
		0354DE04216622B2009D9E7B /* TouchIDConfirmationViewModelProtocol.swift in Sources */ = {isa = PBXBuildFile; fileRef = 0354DE03216622B2009D9E7B /* TouchIDConfirmationViewModelProtocol.swift */; };
		0354DE06216622D2009D9E7B /* TouchIDConfirmationViewModel.swift in Sources */ = {isa = PBXBuildFile; fileRef = 0354DE05216622D2009D9E7B /* TouchIDConfirmationViewModel.swift */; };
		0354DE0821673D00009D9E7B /* TransactionsViewController.swift in Sources */ = {isa = PBXBuildFile; fileRef = 0354DE0721673D00009D9E7B /* TransactionsViewController.swift */; };
		0354DE0A21673D15009D9E7B /* TransactionsViewModelProtocol.swift in Sources */ = {isa = PBXBuildFile; fileRef = 0354DE0921673D15009D9E7B /* TransactionsViewModelProtocol.swift */; };
		0354DE0C21673D36009D9E7B /* TransactionsViewModel.swift in Sources */ = {isa = PBXBuildFile; fileRef = 0354DE0B21673D36009D9E7B /* TransactionsViewModel.swift */; };
		0354DE0E21673D5C009D9E7B /* TransactionCellViewModel.swift in Sources */ = {isa = PBXBuildFile; fileRef = 0354DE0D21673D5C009D9E7B /* TransactionCellViewModel.swift */; };
		0354DE1121673D7C009D9E7B /* TransactionTableViewCell.swift in Sources */ = {isa = PBXBuildFile; fileRef = 0354DE0F21673D7C009D9E7B /* TransactionTableViewCell.swift */; };
		0354DE1221673D7C009D9E7B /* TransactionTableViewCell.xib in Resources */ = {isa = PBXBuildFile; fileRef = 0354DE1021673D7C009D9E7B /* TransactionTableViewCell.xib */; };
		0354DE1421673DBF009D9E7B /* TransactionPaginator.swift in Sources */ = {isa = PBXBuildFile; fileRef = 0354DE1321673DBF009D9E7B /* TransactionPaginator.swift */; };
		0372A1F8217DBA0000742033 /* LoadingViewModelTests.swift in Sources */ = {isa = PBXBuildFile; fileRef = 0372A1F7217DBA0000742033 /* LoadingViewModelTests.swift */; };
		0372A1FA217DBA8A00742033 /* TestSessionManager.swift in Sources */ = {isa = PBXBuildFile; fileRef = 0372A1F9217DBA8A00742033 /* TestSessionManager.swift */; };
		0372A1FC217DBD3200742033 /* TestSocketClient.swift in Sources */ = {isa = PBXBuildFile; fileRef = 0372A1FB217DBD3200742033 /* TestSocketClient.swift */; };
		0372A1FE217DC5E200742033 /* LoadingViewControllerTests.swift in Sources */ = {isa = PBXBuildFile; fileRef = 0372A1FD217DC5E200742033 /* LoadingViewControllerTests.swift */; };
		0372A200217DC60600742033 /* TestLoadingViewModel.swift in Sources */ = {isa = PBXBuildFile; fileRef = 0372A1FF217DC60600742033 /* TestLoadingViewModel.swift */; };
		0372A202217DD27200742033 /* SigninViewModelTests.swift in Sources */ = {isa = PBXBuildFile; fileRef = 0372A201217DD27200742033 /* SigninViewModelTests.swift */; };
		0372A204217DD5F200742033 /* SigninViewControllerTests.swift in Sources */ = {isa = PBXBuildFile; fileRef = 0372A203217DD5F200742033 /* SigninViewControllerTests.swift */; };
		0372A206217DD62200742033 /* TestSigninViewModel.swift in Sources */ = {isa = PBXBuildFile; fileRef = 0372A205217DD62200742033 /* TestSigninViewModel.swift */; };
		03A352502182C53900F065F8 /* KeypadInputViewModelTests.swift in Sources */ = {isa = PBXBuildFile; fileRef = 03A3524F2182C53900F065F8 /* KeypadInputViewModelTests.swift */; };
		03A352522182C57500F065F8 /* TestTokenLoader.swift in Sources */ = {isa = PBXBuildFile; fileRef = 03A352512182C57500F065F8 /* TestTokenLoader.swift */; };
		03A352542182DEAC00F065F8 /* ReceiveViewModelTests.swift in Sources */ = {isa = PBXBuildFile; fileRef = 03A352532182DEAC00F065F8 /* ReceiveViewModelTests.swift */; };
		03A352562182E23900F065F8 /* TopUpViewModelTests.swift in Sources */ = {isa = PBXBuildFile; fileRef = 03A352552182E23900F065F8 /* TopUpViewModelTests.swift */; };
		03A352582182E72800F065F8 /* KeyboardViewModelTests.swift in Sources */ = {isa = PBXBuildFile; fileRef = 03A352572182E72800F065F8 /* KeyboardViewModelTests.swift */; };
		03A3525A2182F0E600F065F8 /* KeyboardViewControllerTests.swift in Sources */ = {isa = PBXBuildFile; fileRef = 03A352592182F0E600F065F8 /* KeyboardViewControllerTests.swift */; };
		03A3525C2182F14800F065F8 /* TestKeyboardViewModel.swift in Sources */ = {isa = PBXBuildFile; fileRef = 03A3525B2182F14800F065F8 /* TestKeyboardViewModel.swift */; };
		03C94B41215B4109007DF271 /* AccountSelection.storyboard in Resources */ = {isa = PBXBuildFile; fileRef = 03C94B3F215B4109007DF271 /* AccountSelection.storyboard */; };
		03C94B43215B4179007DF271 /* BaseNavigationViewController.swift in Sources */ = {isa = PBXBuildFile; fileRef = 03C94B42215B4179007DF271 /* BaseNavigationViewController.swift */; };
		03C94B45215B4229007DF271 /* SelectAccountTableViewController.swift in Sources */ = {isa = PBXBuildFile; fileRef = 03C94B44215B4229007DF271 /* SelectAccountTableViewController.swift */; };
		03C94B47215B4259007DF271 /* SelectAccountViewModelProtocol.swift in Sources */ = {isa = PBXBuildFile; fileRef = 03C94B46215B4259007DF271 /* SelectAccountViewModelProtocol.swift */; };
		03C94B49215B4292007DF271 /* SelectAccountViewModel.swift in Sources */ = {isa = PBXBuildFile; fileRef = 03C94B48215B4292007DF271 /* SelectAccountViewModel.swift */; };
		03C94B4B215B441F007DF271 /* AccountCellViewModel.swift in Sources */ = {isa = PBXBuildFile; fileRef = 03C94B4A215B441F007DF271 /* AccountCellViewModel.swift */; };
		03C94B4D215B4852007DF271 /* AccountPaginator.swift in Sources */ = {isa = PBXBuildFile; fileRef = 03C94B4C215B4852007DF271 /* AccountPaginator.swift */; };
		03C94B4F215B48BC007DF271 /* Paginator.swift in Sources */ = {isa = PBXBuildFile; fileRef = 03C94B4E215B48BC007DF271 /* Paginator.swift */; };
		03C94B53215B49D5007DF271 /* AccountTableViewCell.swift in Sources */ = {isa = PBXBuildFile; fileRef = 03C94B51215B49D5007DF271 /* AccountTableViewCell.swift */; };
		03C94B54215B49D5007DF271 /* AccountTableViewCell.xib in Resources */ = {isa = PBXBuildFile; fileRef = 03C94B52215B49D5007DF271 /* AccountTableViewCell.xib */; };
		03E0BB472164821800FCB154 /* TransactionResultViewController.swift in Sources */ = {isa = PBXBuildFile; fileRef = 03E0BB462164821800FCB154 /* TransactionResultViewController.swift */; };
		03E0BB492164881A00FCB154 /* TransactionResultViewModelProtocol.swift in Sources */ = {isa = PBXBuildFile; fileRef = 03E0BB482164881A00FCB154 /* TransactionResultViewModelProtocol.swift */; };
		03E0BB4B2164882900FCB154 /* TransactionResultViewModel.swift in Sources */ = {isa = PBXBuildFile; fileRef = 03E0BB4A2164882900FCB154 /* TransactionResultViewModel.swift */; };
		03FB02C5215A0A95001EF0D4 /* AppDelegate.swift in Sources */ = {isa = PBXBuildFile; fileRef = 03FB02C4215A0A95001EF0D4 /* AppDelegate.swift */; };
		03FB02F5215A0DDF001EF0D4 /* Localizable.strings in Resources */ = {isa = PBXBuildFile; fileRef = 03FB02E7215A0DDE001EF0D4 /* Localizable.strings */; };
		03FB02F6215A0DDF001EF0D4 /* LaunchScreen.storyboard in Resources */ = {isa = PBXBuildFile; fileRef = 03FB02ED215A0DDF001EF0D4 /* LaunchScreen.storyboard */; };
		03FB02F7215A0DDF001EF0D4 /* Assets.xcassets in Resources */ = {isa = PBXBuildFile; fileRef = 03FB02F3215A0DDF001EF0D4 /* Assets.xcassets */; };
		81B6BA7C2506C2DFECB49E7C /* Pods_POSMerchantTests.framework in Frameworks */ = {isa = PBXBuildFile; fileRef = 9BC249376C60A205252A9E9E /* Pods_POSMerchantTests.framework */; };
		B5B35F10EA99D8F3308410A5 /* Pods_POSMerchant.framework in Frameworks */ = {isa = PBXBuildFile; fileRef = 6FDD4818D9130E3A39EDDBB4 /* Pods_POSMerchant.framework */; };
/* End PBXBuildFile section */

/* Begin PBXContainerItemProxy section */
		03FB02D6215A0A97001EF0D4 /* PBXContainerItemProxy */ = {
			isa = PBXContainerItemProxy;
			containerPortal = 03FB02B9215A0A95001EF0D4 /* Project object */;
			proxyType = 1;
			remoteGlobalIDString = 03FB02C0215A0A95001EF0D4;
			remoteInfo = POSMerchant;
		};
/* End PBXContainerItemProxy section */

/* Begin PBXFileReference section */
		030217512181B9AA0055D800 /* SelectAccountViewContollerTests.swift */ = {isa = PBXFileReference; lastKnownFileType = sourcecode.swift; path = SelectAccountViewContollerTests.swift; sourceTree = "<group>"; };
		030217532181B9F30055D800 /* TestSelectAccountViewModel.swift */ = {isa = PBXFileReference; lastKnownFileType = sourcecode.swift; path = TestSelectAccountViewModel.swift; sourceTree = "<group>"; };
		0306DC70215A255100612953 /* SessionManager.swift */ = {isa = PBXFileReference; lastKnownFileType = sourcecode.swift; path = SessionManager.swift; sourceTree = "<group>"; };
		0306DC72215A25A100612953 /* Theme.swift */ = {isa = PBXFileReference; fileEncoding = 4; lastKnownFileType = sourcecode.swift; path = Theme.swift; sourceTree = "<group>"; };
		0306DC73215A25A100612953 /* Biometric.swift */ = {isa = PBXFileReference; fileEncoding = 4; lastKnownFileType = sourcecode.swift; path = Biometric.swift; sourceTree = "<group>"; };
		0306DC74215A25A100612953 /* BaseViewControllerProtocols.swift */ = {isa = PBXFileReference; fileEncoding = 4; lastKnownFileType = sourcecode.swift; path = BaseViewControllerProtocols.swift; sourceTree = "<group>"; };
		0306DC75215A25A100612953 /* CustomView.swift */ = {isa = PBXFileReference; fileEncoding = 4; lastKnownFileType = sourcecode.swift; path = CustomView.swift; sourceTree = "<group>"; };
		0306DC76215A25A100612953 /* MBProgressHUDBuilder.swift */ = {isa = PBXFileReference; fileEncoding = 4; lastKnownFileType = sourcecode.swift; path = MBProgressHUDBuilder.swift; sourceTree = "<group>"; };
		0306DC77215A25A100612953 /* Constant.swift */ = {isa = PBXFileReference; fileEncoding = 4; lastKnownFileType = sourcecode.swift; path = Constant.swift; sourceTree = "<group>"; };
		0306DC79215A25A100612953 /* KeychainWrapper.swift */ = {isa = PBXFileReference; fileEncoding = 4; lastKnownFileType = sourcecode.swift; path = KeychainWrapper.swift; sourceTree = "<group>"; };
		0306DC7A215A25A100612953 /* AppState.swift */ = {isa = PBXFileReference; fileEncoding = 4; lastKnownFileType = sourcecode.swift; path = AppState.swift; sourceTree = "<group>"; };
		0306DC7B215A25A100612953 /* OmiseGOWrapper.swift */ = {isa = PBXFileReference; fileEncoding = 4; lastKnownFileType = sourcecode.swift; path = OmiseGOWrapper.swift; sourceTree = "<group>"; };
		0306DC7C215A25A100612953 /* Observable.swift */ = {isa = PBXFileReference; fileEncoding = 4; lastKnownFileType = sourcecode.swift; path = Observable.swift; sourceTree = "<group>"; };
		0306DC7D215A25A100612953 /* UserDefaultsWrapper.swift */ = {isa = PBXFileReference; fileEncoding = 4; lastKnownFileType = sourcecode.swift; path = UserDefaultsWrapper.swift; sourceTree = "<group>"; };
		0306DC7E215A25A100612953 /* Closure.swift */ = {isa = PBXFileReference; fileEncoding = 4; lastKnownFileType = sourcecode.swift; path = Closure.swift; sourceTree = "<group>"; };
		0306DC7F215A25A100612953 /* Extension.swift */ = {isa = PBXFileReference; fileEncoding = 4; lastKnownFileType = sourcecode.swift; path = Extension.swift; sourceTree = "<group>"; };
		0306DC80215A25A100612953 /* Storyboard.swift */ = {isa = PBXFileReference; fileEncoding = 4; lastKnownFileType = sourcecode.swift; path = Storyboard.swift; sourceTree = "<group>"; };
		0306DC91215A27C900612953 /* Base */ = {isa = PBXFileReference; lastKnownFileType = file.storyboard; name = Base; path = Base.lproj/Welcome.storyboard; sourceTree = "<group>"; };
		0306DC94215A27D600612953 /* Base */ = {isa = PBXFileReference; lastKnownFileType = file.storyboard; name = Base; path = Base.lproj/Signin.storyboard; sourceTree = "<group>"; };
		0306DC96215A28C100612953 /* Publisher.swift */ = {isa = PBXFileReference; lastKnownFileType = sourcecode.swift; path = Publisher.swift; sourceTree = "<group>"; };
		0306DC98215A28D900612953 /* AppEvent.swift */ = {isa = PBXFileReference; lastKnownFileType = sourcecode.swift; path = AppEvent.swift; sourceTree = "<group>"; };
		0306DC9A215A290400612953 /* POSMerchantError.swift */ = {isa = PBXFileReference; lastKnownFileType = sourcecode.swift; path = POSMerchantError.swift; sourceTree = "<group>"; };
		0306DC9C215A2B2000612953 /* POSMerchantManager.swift */ = {isa = PBXFileReference; lastKnownFileType = sourcecode.swift; path = POSMerchantManager.swift; sourceTree = "<group>"; };
		0306DCA0215A32C400612953 /* BaseViewModel.swift */ = {isa = PBXFileReference; lastKnownFileType = sourcecode.swift; path = BaseViewModel.swift; sourceTree = "<group>"; };
		0306DCA2215A32F000612953 /* BaseViewController.swift */ = {isa = PBXFileReference; lastKnownFileType = sourcecode.swift; path = BaseViewController.swift; sourceTree = "<group>"; };
		0306DCA5215A334E00612953 /* LoadingView.xib */ = {isa = PBXFileReference; fileEncoding = 4; lastKnownFileType = file.xib; path = LoadingView.xib; sourceTree = "<group>"; };
		0306DCA6215A334E00612953 /* LoadingView.swift */ = {isa = PBXFileReference; fileEncoding = 4; lastKnownFileType = sourcecode.swift; path = LoadingView.swift; sourceTree = "<group>"; };
		0306DCA9215A352500612953 /* SigninViewModel.swift */ = {isa = PBXFileReference; lastKnownFileType = sourcecode.swift; path = SigninViewModel.swift; sourceTree = "<group>"; };
		0306DCAB215A355800612953 /* SigninViewModelProtocol.swift */ = {isa = PBXFileReference; lastKnownFileType = sourcecode.swift; path = SigninViewModelProtocol.swift; sourceTree = "<group>"; };
		0306DCAD215A36C600612953 /* SigninViewController.swift */ = {isa = PBXFileReference; lastKnownFileType = sourcecode.swift; path = SigninViewController.swift; sourceTree = "<group>"; };
		0325B59221632CDF006850FF /* Base */ = {isa = PBXFileReference; lastKnownFileType = file.storyboard; name = Base; path = Base.lproj/Transaction.storyboard; sourceTree = "<group>"; };
		0325B59421633405006850FF /* TransactionConfirmationViewController.swift */ = {isa = PBXFileReference; lastKnownFileType = sourcecode.swift; path = TransactionConfirmationViewController.swift; sourceTree = "<group>"; };
		0325B59621633428006850FF /* TransactionConfirmationViewModelProtocol.swift */ = {isa = PBXFileReference; lastKnownFileType = sourcecode.swift; path = TransactionConfirmationViewModelProtocol.swift; sourceTree = "<group>"; };
		0325B5982163345E006850FF /* TransactionConfirmationViewModel.swift */ = {isa = PBXFileReference; lastKnownFileType = sourcecode.swift; path = TransactionConfirmationViewModel.swift; sourceTree = "<group>"; };
		0325B59A21635BF4006850FF /* TransactionBuilder.swift */ = {isa = PBXFileReference; lastKnownFileType = sourcecode.swift; path = TransactionBuilder.swift; sourceTree = "<group>"; };
		0328FEFB218173F100AC7CD2 /* SelectAccountViewModelTests.swift */ = {isa = PBXFileReference; lastKnownFileType = sourcecode.swift; path = SelectAccountViewModelTests.swift; sourceTree = "<group>"; };
		0328FEFD2181749200AC7CD2 /* TestAccountLoader.swift */ = {isa = PBXFileReference; lastKnownFileType = sourcecode.swift; path = TestAccountLoader.swift; sourceTree = "<group>"; };
		0328FEFF2181783500AC7CD2 /* StubGenerator.swift */ = {isa = PBXFileReference; lastKnownFileType = sourcecode.swift; path = StubGenerator.swift; sourceTree = "<group>"; };
		0328FF012181799400AC7CD2 /* Fixtures */ = {isa = PBXFileReference; lastKnownFileType = folder; path = Fixtures; sourceTree = "<group>"; };
		032BACAA2165CE7E00D63EBC /* TabBarViewController.swift */ = {isa = PBXFileReference; lastKnownFileType = sourcecode.swift; path = TabBarViewController.swift; sourceTree = "<group>"; };
		032BACAC2165CE9F00D63EBC /* TabBarViewModel.swift */ = {isa = PBXFileReference; lastKnownFileType = sourcecode.swift; path = TabBarViewModel.swift; sourceTree = "<group>"; };
		033802A4215B9AAE00C2501F /* WelcomeViewController.swift */ = {isa = PBXFileReference; lastKnownFileType = sourcecode.swift; path = WelcomeViewController.swift; sourceTree = "<group>"; };
		033802A6215B9ABC00C2501F /* WelcomeViewModel.swift */ = {isa = PBXFileReference; lastKnownFileType = sourcecode.swift; path = WelcomeViewModel.swift; sourceTree = "<group>"; };
		033802A8215B9AC600C2501F /* WelcomeViewModelProtocol.swift */ = {isa = PBXFileReference; lastKnownFileType = sourcecode.swift; path = WelcomeViewModelProtocol.swift; sourceTree = "<group>"; };
		033802AD215CA3BC00C2501F /* Base */ = {isa = PBXFileReference; lastKnownFileType = file.storyboard; name = Base; path = Base.lproj/Loading.storyboard; sourceTree = "<group>"; };
		033802AF215CA3DA00C2501F /* LoadingViewController.swift */ = {isa = PBXFileReference; lastKnownFileType = sourcecode.swift; path = LoadingViewController.swift; sourceTree = "<group>"; };
		033802B1215CA3EA00C2501F /* LoadingViewModelProtocol.swift */ = {isa = PBXFileReference; lastKnownFileType = sourcecode.swift; path = LoadingViewModelProtocol.swift; sourceTree = "<group>"; };
		033802B3215CA3F100C2501F /* LoadingViewModel.swift */ = {isa = PBXFileReference; lastKnownFileType = sourcecode.swift; path = LoadingViewModel.swift; sourceTree = "<group>"; };
		033802B9215CBDFC00C2501F /* Base */ = {isa = PBXFileReference; lastKnownFileType = file.storyboard; name = Base; path = Base.lproj/TabBar.storyboard; sourceTree = "<group>"; };
		033802BC215CBE7400C2501F /* Base */ = {isa = PBXFileReference; lastKnownFileType = file.storyboard; name = Base; path = Base.lproj/KeypadInput.storyboard; sourceTree = "<group>"; };
		033802BF215CBE8F00C2501F /* Base */ = {isa = PBXFileReference; lastKnownFileType = file.storyboard; name = Base; path = Base.lproj/Topup.storyboard; sourceTree = "<group>"; };
		033802C2215CBEA000C2501F /* Base */ = {isa = PBXFileReference; lastKnownFileType = file.storyboard; name = Base; path = Base.lproj/More.storyboard; sourceTree = "<group>"; };
		033802C5215CC0E000C2501F /* Base */ = {isa = PBXFileReference; lastKnownFileType = file.storyboard; name = Base; path = Base.lproj/Keyboard.storyboard; sourceTree = "<group>"; };
		033802C9215CC33400C2501F /* KeypadInputViewModelProtocol.swift */ = {isa = PBXFileReference; lastKnownFileType = sourcecode.swift; path = KeypadInputViewModelProtocol.swift; sourceTree = "<group>"; };
		033802CB215CC34600C2501F /* KeypadInputViewModel.swift */ = {isa = PBXFileReference; lastKnownFileType = sourcecode.swift; path = KeypadInputViewModel.swift; sourceTree = "<group>"; };
		033802CD215CC95200C2501F /* KeyboardViewController.swift */ = {isa = PBXFileReference; lastKnownFileType = sourcecode.swift; path = KeyboardViewController.swift; sourceTree = "<group>"; };
		033802CF215CC96500C2501F /* KeyboardViewModelProtocol.swift */ = {isa = PBXFileReference; lastKnownFileType = sourcecode.swift; path = KeyboardViewModelProtocol.swift; sourceTree = "<group>"; };
		033802D1215CC97700C2501F /* KeyboardViewModel.swift */ = {isa = PBXFileReference; lastKnownFileType = sourcecode.swift; path = KeyboardViewModel.swift; sourceTree = "<group>"; };
		033802D4215DDF4700C2501F /* Base */ = {isa = PBXFileReference; lastKnownFileType = file.storyboard; name = Base; path = Base.lproj/SelectToken.storyboard; sourceTree = "<group>"; };
		033802D6215DDF7300C2501F /* SelectTokenTableViewController.swift */ = {isa = PBXFileReference; lastKnownFileType = sourcecode.swift; path = SelectTokenTableViewController.swift; sourceTree = "<group>"; };
		033802D8215DDF7F00C2501F /* SelectTokenViewModelProtocol.swift */ = {isa = PBXFileReference; lastKnownFileType = sourcecode.swift; path = SelectTokenViewModelProtocol.swift; sourceTree = "<group>"; };
		033802DA215DDFA200C2501F /* SelectTokenViewModel.swift */ = {isa = PBXFileReference; lastKnownFileType = sourcecode.swift; path = SelectTokenViewModel.swift; sourceTree = "<group>"; };
		033802DC215DEAB400C2501F /* BalanceTableViewCell.swift */ = {isa = PBXFileReference; lastKnownFileType = sourcecode.swift; path = BalanceTableViewCell.swift; sourceTree = "<group>"; };
		033802DD215DEAB400C2501F /* BalanceTableViewCell.xib */ = {isa = PBXFileReference; lastKnownFileType = file.xib; path = BalanceTableViewCell.xib; sourceTree = "<group>"; };
		033802E0215DEABE00C2501F /* BalanceCellViewModel.swift */ = {isa = PBXFileReference; lastKnownFileType = sourcecode.swift; path = BalanceCellViewModel.swift; sourceTree = "<group>"; };
		033802E52161EBD100C2501F /* Base */ = {isa = PBXFileReference; lastKnownFileType = file.storyboard; name = Base; path = Base.lproj/QRReader.storyboard; sourceTree = "<group>"; };
		033802E72161EC6A00C2501F /* QRReaderViewController.swift */ = {isa = PBXFileReference; lastKnownFileType = sourcecode.swift; path = QRReaderViewController.swift; sourceTree = "<group>"; };
		033802E92161EC7D00C2501F /* QRReaderViewModelProtocol.swift */ = {isa = PBXFileReference; lastKnownFileType = sourcecode.swift; path = QRReaderViewModelProtocol.swift; sourceTree = "<group>"; };
		033802EB2161EC8D00C2501F /* QRReaderViewModel.swift */ = {isa = PBXFileReference; lastKnownFileType = sourcecode.swift; path = QRReaderViewModel.swift; sourceTree = "<group>"; };
		033802ED2161EEFC00C2501F /* QRReaderOverlayView.swift */ = {isa = PBXFileReference; lastKnownFileType = sourcecode.swift; path = QRReaderOverlayView.swift; sourceTree = "<group>"; };
		033802EF2161F48700C2501F /* QRReader.swift */ = {isa = PBXFileReference; lastKnownFileType = sourcecode.swift; path = QRReader.swift; sourceTree = "<group>"; };
		0341BCB4216DE56F001928FE /* WaitingForUserConfirmationViewController.swift */ = {isa = PBXFileReference; lastKnownFileType = sourcecode.swift; path = WaitingForUserConfirmationViewController.swift; sourceTree = "<group>"; };
		03467AB22165E9F700A33064 /* KeypadInputViewController.swift */ = {isa = PBXFileReference; lastKnownFileType = sourcecode.swift; path = KeypadInputViewController.swift; sourceTree = "<group>"; };
		03467AB42165EA9A00A33064 /* ReceiveViewModel.swift */ = {isa = PBXFileReference; lastKnownFileType = sourcecode.swift; path = ReceiveViewModel.swift; sourceTree = "<group>"; };
		03467AB62165EF6A00A33064 /* TopUpViewModel.swift */ = {isa = PBXFileReference; lastKnownFileType = sourcecode.swift; path = TopUpViewModel.swift; sourceTree = "<group>"; };
		03467ABA2165F38C00A33064 /* ReceiveViewController.swift */ = {isa = PBXFileReference; lastKnownFileType = sourcecode.swift; path = ReceiveViewController.swift; sourceTree = "<group>"; };
		03467ABC2165F3A000A33064 /* TopupViewController.swift */ = {isa = PBXFileReference; lastKnownFileType = sourcecode.swift; path = TopupViewController.swift; sourceTree = "<group>"; };
		0354DDFB2166175E009D9E7B /* MoreTableViewController.swift */ = {isa = PBXFileReference; lastKnownFileType = sourcecode.swift; path = MoreTableViewController.swift; sourceTree = "<group>"; };
		0354DDFD216617BD009D9E7B /* TouchIDConfirmationViewController.swift */ = {isa = PBXFileReference; lastKnownFileType = sourcecode.swift; path = TouchIDConfirmationViewController.swift; sourceTree = "<group>"; };
		0354DDFF21661CE1009D9E7B /* MoreTableViewModelProtocol.swift */ = {isa = PBXFileReference; lastKnownFileType = sourcecode.swift; path = MoreTableViewModelProtocol.swift; sourceTree = "<group>"; };
		0354DE0121661CFA009D9E7B /* MoreTableViewModel.swift */ = {isa = PBXFileReference; lastKnownFileType = sourcecode.swift; path = MoreTableViewModel.swift; sourceTree = "<group>"; };
		0354DE03216622B2009D9E7B /* TouchIDConfirmationViewModelProtocol.swift */ = {isa = PBXFileReference; lastKnownFileType = sourcecode.swift; path = TouchIDConfirmationViewModelProtocol.swift; sourceTree = "<group>"; };
		0354DE05216622D2009D9E7B /* TouchIDConfirmationViewModel.swift */ = {isa = PBXFileReference; lastKnownFileType = sourcecode.swift; path = TouchIDConfirmationViewModel.swift; sourceTree = "<group>"; };
		0354DE0721673D00009D9E7B /* TransactionsViewController.swift */ = {isa = PBXFileReference; lastKnownFileType = sourcecode.swift; path = TransactionsViewController.swift; sourceTree = "<group>"; };
		0354DE0921673D15009D9E7B /* TransactionsViewModelProtocol.swift */ = {isa = PBXFileReference; lastKnownFileType = sourcecode.swift; path = TransactionsViewModelProtocol.swift; sourceTree = "<group>"; };
		0354DE0B21673D36009D9E7B /* TransactionsViewModel.swift */ = {isa = PBXFileReference; lastKnownFileType = sourcecode.swift; path = TransactionsViewModel.swift; sourceTree = "<group>"; };
		0354DE0D21673D5C009D9E7B /* TransactionCellViewModel.swift */ = {isa = PBXFileReference; lastKnownFileType = sourcecode.swift; path = TransactionCellViewModel.swift; sourceTree = "<group>"; };
		0354DE0F21673D7C009D9E7B /* TransactionTableViewCell.swift */ = {isa = PBXFileReference; lastKnownFileType = sourcecode.swift; path = TransactionTableViewCell.swift; sourceTree = "<group>"; };
		0354DE1021673D7C009D9E7B /* TransactionTableViewCell.xib */ = {isa = PBXFileReference; lastKnownFileType = file.xib; path = TransactionTableViewCell.xib; sourceTree = "<group>"; };
		0354DE1321673DBF009D9E7B /* TransactionPaginator.swift */ = {isa = PBXFileReference; lastKnownFileType = sourcecode.swift; path = TransactionPaginator.swift; sourceTree = "<group>"; };
		0372A1F7217DBA0000742033 /* LoadingViewModelTests.swift */ = {isa = PBXFileReference; lastKnownFileType = sourcecode.swift; path = LoadingViewModelTests.swift; sourceTree = "<group>"; };
		0372A1F9217DBA8A00742033 /* TestSessionManager.swift */ = {isa = PBXFileReference; lastKnownFileType = sourcecode.swift; path = TestSessionManager.swift; sourceTree = "<group>"; };
		0372A1FB217DBD3200742033 /* TestSocketClient.swift */ = {isa = PBXFileReference; lastKnownFileType = sourcecode.swift; path = TestSocketClient.swift; sourceTree = "<group>"; };
		0372A1FD217DC5E200742033 /* LoadingViewControllerTests.swift */ = {isa = PBXFileReference; lastKnownFileType = sourcecode.swift; path = LoadingViewControllerTests.swift; sourceTree = "<group>"; };
		0372A1FF217DC60600742033 /* TestLoadingViewModel.swift */ = {isa = PBXFileReference; lastKnownFileType = sourcecode.swift; path = TestLoadingViewModel.swift; sourceTree = "<group>"; };
		0372A201217DD27200742033 /* SigninViewModelTests.swift */ = {isa = PBXFileReference; lastKnownFileType = sourcecode.swift; path = SigninViewModelTests.swift; sourceTree = "<group>"; };
		0372A203217DD5F200742033 /* SigninViewControllerTests.swift */ = {isa = PBXFileReference; lastKnownFileType = sourcecode.swift; path = SigninViewControllerTests.swift; sourceTree = "<group>"; };
		0372A205217DD62200742033 /* TestSigninViewModel.swift */ = {isa = PBXFileReference; lastKnownFileType = sourcecode.swift; path = TestSigninViewModel.swift; sourceTree = "<group>"; };
		03A3524F2182C53900F065F8 /* KeypadInputViewModelTests.swift */ = {isa = PBXFileReference; lastKnownFileType = sourcecode.swift; path = KeypadInputViewModelTests.swift; sourceTree = "<group>"; };
		03A352512182C57500F065F8 /* TestTokenLoader.swift */ = {isa = PBXFileReference; lastKnownFileType = sourcecode.swift; path = TestTokenLoader.swift; sourceTree = "<group>"; };
		03A352532182DEAC00F065F8 /* ReceiveViewModelTests.swift */ = {isa = PBXFileReference; lastKnownFileType = sourcecode.swift; path = ReceiveViewModelTests.swift; sourceTree = "<group>"; };
		03A352552182E23900F065F8 /* TopUpViewModelTests.swift */ = {isa = PBXFileReference; lastKnownFileType = sourcecode.swift; path = TopUpViewModelTests.swift; sourceTree = "<group>"; };
		03A352572182E72800F065F8 /* KeyboardViewModelTests.swift */ = {isa = PBXFileReference; lastKnownFileType = sourcecode.swift; path = KeyboardViewModelTests.swift; sourceTree = "<group>"; };
		03A352592182F0E600F065F8 /* KeyboardViewControllerTests.swift */ = {isa = PBXFileReference; lastKnownFileType = sourcecode.swift; path = KeyboardViewControllerTests.swift; sourceTree = "<group>"; };
		03A3525B2182F14800F065F8 /* TestKeyboardViewModel.swift */ = {isa = PBXFileReference; lastKnownFileType = sourcecode.swift; path = TestKeyboardViewModel.swift; sourceTree = "<group>"; };
		03C94B40215B4109007DF271 /* Base */ = {isa = PBXFileReference; lastKnownFileType = file.storyboard; name = Base; path = Base.lproj/AccountSelection.storyboard; sourceTree = "<group>"; };
		03C94B42215B4179007DF271 /* BaseNavigationViewController.swift */ = {isa = PBXFileReference; lastKnownFileType = sourcecode.swift; path = BaseNavigationViewController.swift; sourceTree = "<group>"; };
		03C94B44215B4229007DF271 /* SelectAccountTableViewController.swift */ = {isa = PBXFileReference; lastKnownFileType = sourcecode.swift; path = SelectAccountTableViewController.swift; sourceTree = "<group>"; };
		03C94B46215B4259007DF271 /* SelectAccountViewModelProtocol.swift */ = {isa = PBXFileReference; lastKnownFileType = sourcecode.swift; path = SelectAccountViewModelProtocol.swift; sourceTree = "<group>"; };
		03C94B48215B4292007DF271 /* SelectAccountViewModel.swift */ = {isa = PBXFileReference; lastKnownFileType = sourcecode.swift; path = SelectAccountViewModel.swift; sourceTree = "<group>"; };
		03C94B4A215B441F007DF271 /* AccountCellViewModel.swift */ = {isa = PBXFileReference; lastKnownFileType = sourcecode.swift; path = AccountCellViewModel.swift; sourceTree = "<group>"; };
		03C94B4C215B4852007DF271 /* AccountPaginator.swift */ = {isa = PBXFileReference; lastKnownFileType = sourcecode.swift; path = AccountPaginator.swift; sourceTree = "<group>"; };
		03C94B4E215B48BC007DF271 /* Paginator.swift */ = {isa = PBXFileReference; lastKnownFileType = sourcecode.swift; path = Paginator.swift; sourceTree = "<group>"; };
		03C94B51215B49D5007DF271 /* AccountTableViewCell.swift */ = {isa = PBXFileReference; lastKnownFileType = sourcecode.swift; path = AccountTableViewCell.swift; sourceTree = "<group>"; };
		03C94B52215B49D5007DF271 /* AccountTableViewCell.xib */ = {isa = PBXFileReference; lastKnownFileType = file.xib; path = AccountTableViewCell.xib; sourceTree = "<group>"; };
		03E0BB462164821800FCB154 /* TransactionResultViewController.swift */ = {isa = PBXFileReference; lastKnownFileType = sourcecode.swift; path = TransactionResultViewController.swift; sourceTree = "<group>"; };
		03E0BB482164881A00FCB154 /* TransactionResultViewModelProtocol.swift */ = {isa = PBXFileReference; lastKnownFileType = sourcecode.swift; path = TransactionResultViewModelProtocol.swift; sourceTree = "<group>"; };
		03E0BB4A2164882900FCB154 /* TransactionResultViewModel.swift */ = {isa = PBXFileReference; lastKnownFileType = sourcecode.swift; path = TransactionResultViewModel.swift; sourceTree = "<group>"; };
		03FB02C1215A0A95001EF0D4 /* POSMerchant.app */ = {isa = PBXFileReference; explicitFileType = wrapper.application; includeInIndex = 0; path = POSMerchant.app; sourceTree = BUILT_PRODUCTS_DIR; };
		03FB02C4215A0A95001EF0D4 /* AppDelegate.swift */ = {isa = PBXFileReference; lastKnownFileType = sourcecode.swift; path = AppDelegate.swift; sourceTree = "<group>"; };
		03FB02D0215A0A96001EF0D4 /* Info.plist */ = {isa = PBXFileReference; lastKnownFileType = text.plist.xml; path = Info.plist; sourceTree = "<group>"; };
		03FB02D5215A0A97001EF0D4 /* POSMerchantTests.xctest */ = {isa = PBXFileReference; explicitFileType = wrapper.cfbundle; includeInIndex = 0; path = POSMerchantTests.xctest; sourceTree = BUILT_PRODUCTS_DIR; };
		03FB02DB215A0A97001EF0D4 /* Info.plist */ = {isa = PBXFileReference; lastKnownFileType = text.plist.xml; path = Info.plist; sourceTree = "<group>"; };
		03FB02E8215A0DDE001EF0D4 /* Base */ = {isa = PBXFileReference; lastKnownFileType = text.plist.strings; name = Base; path = Localizable.strings; sourceTree = "<group>"; };
		03FB02EE215A0DDF001EF0D4 /* Base */ = {isa = PBXFileReference; lastKnownFileType = file.storyboard; name = Base; path = Base.lproj/LaunchScreen.storyboard; sourceTree = "<group>"; };
		03FB02F3215A0DDF001EF0D4 /* Assets.xcassets */ = {isa = PBXFileReference; lastKnownFileType = folder.assetcatalog; path = Assets.xcassets; sourceTree = "<group>"; };
		2CB7D629ECA6CAB2E1F4FC78 /* Pods-POSMerchant.debug.xcconfig */ = {isa = PBXFileReference; includeInIndex = 1; lastKnownFileType = text.xcconfig; name = "Pods-POSMerchant.debug.xcconfig"; path = "Pods/Target Support Files/Pods-POSMerchant/Pods-POSMerchant.debug.xcconfig"; sourceTree = "<group>"; };
		6FDD4818D9130E3A39EDDBB4 /* Pods_POSMerchant.framework */ = {isa = PBXFileReference; explicitFileType = wrapper.framework; includeInIndex = 0; path = Pods_POSMerchant.framework; sourceTree = BUILT_PRODUCTS_DIR; };
		7D9C300DCF52DB36D5402CAC /* Pods-POSMerchantTests.debug.xcconfig */ = {isa = PBXFileReference; includeInIndex = 1; lastKnownFileType = text.xcconfig; name = "Pods-POSMerchantTests.debug.xcconfig"; path = "Pods/Target Support Files/Pods-POSMerchantTests/Pods-POSMerchantTests.debug.xcconfig"; sourceTree = "<group>"; };
		9BC249376C60A205252A9E9E /* Pods_POSMerchantTests.framework */ = {isa = PBXFileReference; explicitFileType = wrapper.framework; includeInIndex = 0; path = Pods_POSMerchantTests.framework; sourceTree = BUILT_PRODUCTS_DIR; };
		A16B828169417A22A3162583 /* Pods-POSMerchantTests.release.xcconfig */ = {isa = PBXFileReference; includeInIndex = 1; lastKnownFileType = text.xcconfig; name = "Pods-POSMerchantTests.release.xcconfig"; path = "Pods/Target Support Files/Pods-POSMerchantTests/Pods-POSMerchantTests.release.xcconfig"; sourceTree = "<group>"; };
		D040D1233551ADD345F8D03B /* Pods-POSMerchant.release.xcconfig */ = {isa = PBXFileReference; includeInIndex = 1; lastKnownFileType = text.xcconfig; name = "Pods-POSMerchant.release.xcconfig"; path = "Pods/Target Support Files/Pods-POSMerchant/Pods-POSMerchant.release.xcconfig"; sourceTree = "<group>"; };
/* End PBXFileReference section */

/* Begin PBXFrameworksBuildPhase section */
		03FB02BE215A0A95001EF0D4 /* Frameworks */ = {
			isa = PBXFrameworksBuildPhase;
			buildActionMask = 2147483647;
			files = (
				B5B35F10EA99D8F3308410A5 /* Pods_POSMerchant.framework in Frameworks */,
			);
			runOnlyForDeploymentPostprocessing = 0;
		};
		03FB02D2215A0A97001EF0D4 /* Frameworks */ = {
			isa = PBXFrameworksBuildPhase;
			buildActionMask = 2147483647;
			files = (
				81B6BA7C2506C2DFECB49E7C /* Pods_POSMerchantTests.framework in Frameworks */,
			);
			runOnlyForDeploymentPostprocessing = 0;
		};
/* End PBXFrameworksBuildPhase section */

/* Begin PBXGroup section */
		0306DCA4215A334E00612953 /* Others */ = {
			isa = PBXGroup;
			children = (
				0306DCA5215A334E00612953 /* LoadingView.xib */,
				0306DCA6215A334E00612953 /* LoadingView.swift */,
				033802ED2161EEFC00C2501F /* QRReaderOverlayView.swift */,
			);
			path = Others;
			sourceTree = "<group>";
		};
		0372A184217DAC6700742033 /* TestMocks */ = {
			isa = PBXGroup;
			children = (
				0372A1F9217DBA8A00742033 /* TestSessionManager.swift */,
				0372A1FB217DBD3200742033 /* TestSocketClient.swift */,
				0372A1FF217DC60600742033 /* TestLoadingViewModel.swift */,
				0372A205217DD62200742033 /* TestSigninViewModel.swift */,
				0328FEFD2181749200AC7CD2 /* TestAccountLoader.swift */,
				0328FEFF2181783500AC7CD2 /* StubGenerator.swift */,
				030217532181B9F30055D800 /* TestSelectAccountViewModel.swift */,
				03A352512182C57500F065F8 /* TestTokenLoader.swift */,
				03A3525B2182F14800F065F8 /* TestKeyboardViewModel.swift */,
			);
			path = TestMocks;
			sourceTree = "<group>";
		};
		0372A197217DAC6700742033 /* Paginators */ = {
			isa = PBXGroup;
			children = (
			);
			path = Paginators;
			sourceTree = "<group>";
		};
		0372A199217DAC6700742033 /* ViewControllers */ = {
			isa = PBXGroup;
			children = (
				0372A1FD217DC5E200742033 /* LoadingViewControllerTests.swift */,
				0372A203217DD5F200742033 /* SigninViewControllerTests.swift */,
				030217512181B9AA0055D800 /* SelectAccountViewContollerTests.swift */,
				03A352592182F0E600F065F8 /* KeyboardViewControllerTests.swift */,
			);
			path = ViewControllers;
			sourceTree = "<group>";
		};
		0372A1B0217DAC6700742033 /* Views */ = {
			isa = PBXGroup;
			children = (
			);
			path = Views;
			sourceTree = "<group>";
		};
		0372A1B3217DAC6700742033 /* ViewModelTests */ = {
			isa = PBXGroup;
			children = (
				0372A1F7217DBA0000742033 /* LoadingViewModelTests.swift */,
				0372A201217DD27200742033 /* SigninViewModelTests.swift */,
				0328FEFB218173F100AC7CD2 /* SelectAccountViewModelTests.swift */,
				03A3524F2182C53900F065F8 /* KeypadInputViewModelTests.swift */,
				03A352532182DEAC00F065F8 /* ReceiveViewModelTests.swift */,
				03A352552182E23900F065F8 /* TopUpViewModelTests.swift */,
				03A352572182E72800F065F8 /* KeyboardViewModelTests.swift */,
			);
			path = ViewModelTests;
			sourceTree = "<group>";
		};
		03C94B50215B49C2007DF271 /* Cells */ = {
			isa = PBXGroup;
			children = (
				03C94B51215B49D5007DF271 /* AccountTableViewCell.swift */,
				03C94B52215B49D5007DF271 /* AccountTableViewCell.xib */,
				033802DC215DEAB400C2501F /* BalanceTableViewCell.swift */,
				033802DD215DEAB400C2501F /* BalanceTableViewCell.xib */,
				0354DE0F21673D7C009D9E7B /* TransactionTableViewCell.swift */,
				0354DE1021673D7C009D9E7B /* TransactionTableViewCell.xib */,
			);
			path = Cells;
			sourceTree = "<group>";
		};
		03FB02B8215A0A95001EF0D4 = {
			isa = PBXGroup;
			children = (
				03FB02C3215A0A95001EF0D4 /* POSMerchant */,
				03FB02D8215A0A97001EF0D4 /* POSMerchantTests */,
				03FB02C2215A0A95001EF0D4 /* Products */,
				188391A84EFEC9B23D95B974 /* Pods */,
				A2A86B815C3BA604007E345F /* Frameworks */,
			);
			sourceTree = "<group>";
		};
		03FB02C2215A0A95001EF0D4 /* Products */ = {
			isa = PBXGroup;
			children = (
				03FB02C1215A0A95001EF0D4 /* POSMerchant.app */,
				03FB02D5215A0A97001EF0D4 /* POSMerchantTests.xctest */,
			);
			name = Products;
			sourceTree = "<group>";
		};
		03FB02C3215A0A95001EF0D4 /* POSMerchant */ = {
			isa = PBXGroup;
			children = (
				03FB02F2215A0DDF001EF0D4 /* Assets */,
				03FB02E6215A0DDE001EF0D4 /* Base.lproj */,
				03FB02EA215A0DDF001EF0D4 /* Forms */,
				03FB02E9215A0DDF001EF0D4 /* Helpers */,
				03FB02F0215A0DDF001EF0D4 /* Managers */,
				03FB02EF215A0DDF001EF0D4 /* Models */,
				03FB02F1215A0DDF001EF0D4 /* Paginators */,
				03FB02EC215A0DDF001EF0D4 /* Storyboards */,
				03FB02EB215A0DDF001EF0D4 /* ViewControllers */,
				03FB02F4215A0DDF001EF0D4 /* ViewModelProtocols */,
				03FB02E5215A0DDE001EF0D4 /* ViewModels */,
				03FB02E4215A0DDE001EF0D4 /* Views */,
				03FB02C4215A0A95001EF0D4 /* AppDelegate.swift */,
				03FB02D0215A0A96001EF0D4 /* Info.plist */,
			);
			path = POSMerchant;
			sourceTree = "<group>";
		};
		03FB02D8215A0A97001EF0D4 /* POSMerchantTests */ = {
			isa = PBXGroup;
			children = (
				0328FF012181799400AC7CD2 /* Fixtures */,
				0372A197217DAC6700742033 /* Paginators */,
				0372A184217DAC6700742033 /* TestMocks */,
				0372A199217DAC6700742033 /* ViewControllers */,
				0372A1B3217DAC6700742033 /* ViewModelTests */,
				0372A1B0217DAC6700742033 /* Views */,
				03FB02DB215A0A97001EF0D4 /* Info.plist */,
			);
			path = POSMerchantTests;
			sourceTree = "<group>";
		};
		03FB02E4215A0DDE001EF0D4 /* Views */ = {
			isa = PBXGroup;
			children = (
				03C94B50215B49C2007DF271 /* Cells */,
				0306DCA4215A334E00612953 /* Others */,
			);
			path = Views;
			sourceTree = "<group>";
		};
		03FB02E5215A0DDE001EF0D4 /* ViewModels */ = {
			isa = PBXGroup;
			children = (
				0306DCA0215A32C400612953 /* BaseViewModel.swift */,
				033802B3215CA3F100C2501F /* LoadingViewModel.swift */,
				0306DCA9215A352500612953 /* SigninViewModel.swift */,
				03C94B48215B4292007DF271 /* SelectAccountViewModel.swift */,
				03C94B4A215B441F007DF271 /* AccountCellViewModel.swift */,
				033802A6215B9ABC00C2501F /* WelcomeViewModel.swift */,
				033802CB215CC34600C2501F /* KeypadInputViewModel.swift */,
				03467AB42165EA9A00A33064 /* ReceiveViewModel.swift */,
				03467AB62165EF6A00A33064 /* TopUpViewModel.swift */,
				033802D1215CC97700C2501F /* KeyboardViewModel.swift */,
				033802DA215DDFA200C2501F /* SelectTokenViewModel.swift */,
				033802E0215DEABE00C2501F /* BalanceCellViewModel.swift */,
				033802EB2161EC8D00C2501F /* QRReaderViewModel.swift */,
				0325B5982163345E006850FF /* TransactionConfirmationViewModel.swift */,
				03E0BB4A2164882900FCB154 /* TransactionResultViewModel.swift */,
				032BACAC2165CE9F00D63EBC /* TabBarViewModel.swift */,
				0354DE0121661CFA009D9E7B /* MoreTableViewModel.swift */,
				0354DE05216622D2009D9E7B /* TouchIDConfirmationViewModel.swift */,
				0354DE0B21673D36009D9E7B /* TransactionsViewModel.swift */,
				0354DE0D21673D5C009D9E7B /* TransactionCellViewModel.swift */,
			);
			path = ViewModels;
			sourceTree = "<group>";
		};
		03FB02E6215A0DDE001EF0D4 /* Base.lproj */ = {
			isa = PBXGroup;
			children = (
				03FB02E7215A0DDE001EF0D4 /* Localizable.strings */,
			);
			path = Base.lproj;
			sourceTree = "<group>";
		};
		03FB02E9215A0DDF001EF0D4 /* Helpers */ = {
			isa = PBXGroup;
			children = (
				0306DC7A215A25A100612953 /* AppState.swift */,
				0306DC74215A25A100612953 /* BaseViewControllerProtocols.swift */,
				0306DC73215A25A100612953 /* Biometric.swift */,
				0306DC7E215A25A100612953 /* Closure.swift */,
				0306DC77215A25A100612953 /* Constant.swift */,
				0306DC75215A25A100612953 /* CustomView.swift */,
				0306DC7F215A25A100612953 /* Extension.swift */,
				0306DC79215A25A100612953 /* KeychainWrapper.swift */,
				0306DC76215A25A100612953 /* MBProgressHUDBuilder.swift */,
				0306DC7C215A25A100612953 /* Observable.swift */,
				0306DC7B215A25A100612953 /* OmiseGOWrapper.swift */,
				0306DC80215A25A100612953 /* Storyboard.swift */,
				0306DC72215A25A100612953 /* Theme.swift */,
				0306DC7D215A25A100612953 /* UserDefaultsWrapper.swift */,
			);
			path = Helpers;
			sourceTree = "<group>";
		};
		03FB02EA215A0DDF001EF0D4 /* Forms */ = {
			isa = PBXGroup;
			children = (
			);
			path = Forms;
			sourceTree = "<group>";
		};
		03FB02EB215A0DDF001EF0D4 /* ViewControllers */ = {
			isa = PBXGroup;
			children = (
				0306DCA2215A32F000612953 /* BaseViewController.swift */,
				033802AF215CA3DA00C2501F /* LoadingViewController.swift */,
				033802A4215B9AAE00C2501F /* WelcomeViewController.swift */,
				0306DCAD215A36C600612953 /* SigninViewController.swift */,
				03C94B42215B4179007DF271 /* BaseNavigationViewController.swift */,
				03C94B44215B4229007DF271 /* SelectAccountTableViewController.swift */,
				033802CD215CC95200C2501F /* KeyboardViewController.swift */,
				033802D6215DDF7300C2501F /* SelectTokenTableViewController.swift */,
				033802E72161EC6A00C2501F /* QRReaderViewController.swift */,
				0325B59421633405006850FF /* TransactionConfirmationViewController.swift */,
				03E0BB462164821800FCB154 /* TransactionResultViewController.swift */,
				032BACAA2165CE7E00D63EBC /* TabBarViewController.swift */,
				03467AB22165E9F700A33064 /* KeypadInputViewController.swift */,
				03467ABA2165F38C00A33064 /* ReceiveViewController.swift */,
				03467ABC2165F3A000A33064 /* TopupViewController.swift */,
				0354DDFB2166175E009D9E7B /* MoreTableViewController.swift */,
				0354DDFD216617BD009D9E7B /* TouchIDConfirmationViewController.swift */,
				0354DE0721673D00009D9E7B /* TransactionsViewController.swift */,
				0341BCB4216DE56F001928FE /* WaitingForUserConfirmationViewController.swift */,
			);
			path = ViewControllers;
			sourceTree = "<group>";
		};
		03FB02EC215A0DDF001EF0D4 /* Storyboards */ = {
			isa = PBXGroup;
			children = (
				03FB02ED215A0DDF001EF0D4 /* LaunchScreen.storyboard */,
				033802AC215CA3BC00C2501F /* Loading.storyboard */,
				0306DC90215A27C900612953 /* Welcome.storyboard */,
				0306DC93215A27D600612953 /* Signin.storyboard */,
				03C94B3F215B4109007DF271 /* AccountSelection.storyboard */,
				033802B8215CBDFC00C2501F /* TabBar.storyboard */,
				033802BB215CBE7400C2501F /* KeypadInput.storyboard */,
				033802BE215CBE8F00C2501F /* Topup.storyboard */,
				033802C1215CBEA000C2501F /* More.storyboard */,
				033802C4215CC0E000C2501F /* Keyboard.storyboard */,
				033802D3215DDF4700C2501F /* SelectToken.storyboard */,
				033802E42161EBD100C2501F /* QRReader.storyboard */,
				0325B59121632CDF006850FF /* Transaction.storyboard */,
			);
			path = Storyboards;
			sourceTree = "<group>";
		};
		03FB02EF215A0DDF001EF0D4 /* Models */ = {
			isa = PBXGroup;
			children = (
				0306DC96215A28C100612953 /* Publisher.swift */,
				0306DC98215A28D900612953 /* AppEvent.swift */,
				0306DC9A215A290400612953 /* POSMerchantError.swift */,
				03C94B4E215B48BC007DF271 /* Paginator.swift */,
				033802EF2161F48700C2501F /* QRReader.swift */,
				0325B59A21635BF4006850FF /* TransactionBuilder.swift */,
			);
			path = Models;
			sourceTree = "<group>";
		};
		03FB02F0215A0DDF001EF0D4 /* Managers */ = {
			isa = PBXGroup;
			children = (
				0306DC70215A255100612953 /* SessionManager.swift */,
				0306DC9C215A2B2000612953 /* POSMerchantManager.swift */,
			);
			path = Managers;
			sourceTree = "<group>";
		};
		03FB02F1215A0DDF001EF0D4 /* Paginators */ = {
			isa = PBXGroup;
			children = (
				03C94B4C215B4852007DF271 /* AccountPaginator.swift */,
				0354DE1321673DBF009D9E7B /* TransactionPaginator.swift */,
			);
			path = Paginators;
			sourceTree = "<group>";
		};
		03FB02F2215A0DDF001EF0D4 /* Assets */ = {
			isa = PBXGroup;
			children = (
				03FB02F3215A0DDF001EF0D4 /* Assets.xcassets */,
			);
			path = Assets;
			sourceTree = "<group>";
		};
		03FB02F4215A0DDF001EF0D4 /* ViewModelProtocols */ = {
			isa = PBXGroup;
			children = (
				033802B1215CA3EA00C2501F /* LoadingViewModelProtocol.swift */,
				0306DCAB215A355800612953 /* SigninViewModelProtocol.swift */,
				03C94B46215B4259007DF271 /* SelectAccountViewModelProtocol.swift */,
				033802A8215B9AC600C2501F /* WelcomeViewModelProtocol.swift */,
				033802C9215CC33400C2501F /* KeypadInputViewModelProtocol.swift */,
				033802CF215CC96500C2501F /* KeyboardViewModelProtocol.swift */,
				033802D8215DDF7F00C2501F /* SelectTokenViewModelProtocol.swift */,
				033802E92161EC7D00C2501F /* QRReaderViewModelProtocol.swift */,
				0325B59621633428006850FF /* TransactionConfirmationViewModelProtocol.swift */,
				03E0BB482164881A00FCB154 /* TransactionResultViewModelProtocol.swift */,
				0354DDFF21661CE1009D9E7B /* MoreTableViewModelProtocol.swift */,
				0354DE03216622B2009D9E7B /* TouchIDConfirmationViewModelProtocol.swift */,
				0354DE0921673D15009D9E7B /* TransactionsViewModelProtocol.swift */,
			);
			path = ViewModelProtocols;
			sourceTree = "<group>";
		};
		188391A84EFEC9B23D95B974 /* Pods */ = {
			isa = PBXGroup;
			children = (
				2CB7D629ECA6CAB2E1F4FC78 /* Pods-POSMerchant.debug.xcconfig */,
				D040D1233551ADD345F8D03B /* Pods-POSMerchant.release.xcconfig */,
				7D9C300DCF52DB36D5402CAC /* Pods-POSMerchantTests.debug.xcconfig */,
				A16B828169417A22A3162583 /* Pods-POSMerchantTests.release.xcconfig */,
			);
			name = Pods;
			sourceTree = "<group>";
		};
		A2A86B815C3BA604007E345F /* Frameworks */ = {
			isa = PBXGroup;
			children = (
				6FDD4818D9130E3A39EDDBB4 /* Pods_POSMerchant.framework */,
				9BC249376C60A205252A9E9E /* Pods_POSMerchantTests.framework */,
			);
			name = Frameworks;
			sourceTree = "<group>";
		};
/* End PBXGroup section */

/* Begin PBXNativeTarget section */
		03FB02C0215A0A95001EF0D4 /* POSMerchant */ = {
			isa = PBXNativeTarget;
			buildConfigurationList = 03FB02DE215A0A97001EF0D4 /* Build configuration list for PBXNativeTarget "POSMerchant" */;
			buildPhases = (
				EB6F6EF0996DFE049CE736F0 /* [CP] Check Pods Manifest.lock */,
				03FB02BD215A0A95001EF0D4 /* Sources */,
				03FB02BE215A0A95001EF0D4 /* Frameworks */,
				03FB02BF215A0A95001EF0D4 /* Resources */,
				EB9D3E963FCBD3681AF6D1DA /* [CP] Embed Pods Frameworks */,
				03FB02F8215A0E8C001EF0D4 /* ShellScript */,
			);
			buildRules = (
			);
			dependencies = (
			);
			name = POSMerchant;
			productName = POSMerchant;
			productReference = 03FB02C1215A0A95001EF0D4 /* POSMerchant.app */;
			productType = "com.apple.product-type.application";
		};
		03FB02D4215A0A97001EF0D4 /* POSMerchantTests */ = {
			isa = PBXNativeTarget;
			buildConfigurationList = 03FB02E1215A0A97001EF0D4 /* Build configuration list for PBXNativeTarget "POSMerchantTests" */;
			buildPhases = (
				CFE141C26391D671F78D43C9 /* [CP] Check Pods Manifest.lock */,
				03FB02D1215A0A97001EF0D4 /* Sources */,
				03FB02D2215A0A97001EF0D4 /* Frameworks */,
				03FB02D3215A0A97001EF0D4 /* Resources */,
			);
			buildRules = (
			);
			dependencies = (
				03FB02D7215A0A97001EF0D4 /* PBXTargetDependency */,
			);
			name = POSMerchantTests;
			productName = POSMerchantTests;
			productReference = 03FB02D5215A0A97001EF0D4 /* POSMerchantTests.xctest */;
			productType = "com.apple.product-type.bundle.unit-test";
		};
/* End PBXNativeTarget section */

/* Begin PBXProject section */
		03FB02B9215A0A95001EF0D4 /* Project object */ = {
			isa = PBXProject;
			attributes = {
				LastSwiftUpdateCheck = 1000;
				LastUpgradeCheck = 1000;
				ORGANIZATIONNAME = "Omise Go Pte. Ltd.";
				TargetAttributes = {
					03FB02C0215A0A95001EF0D4 = {
						CreatedOnToolsVersion = 10.0;
					};
					03FB02D4215A0A97001EF0D4 = {
						CreatedOnToolsVersion = 10.0;
						LastSwiftMigration = 1000;
						TestTargetID = 03FB02C0215A0A95001EF0D4;
					};
				};
			};
			buildConfigurationList = 03FB02BC215A0A95001EF0D4 /* Build configuration list for PBXProject "POSMerchant" */;
			compatibilityVersion = "Xcode 9.3";
			developmentRegion = en;
			hasScannedForEncodings = 0;
			knownRegions = (
				en,
				Base,
			);
			mainGroup = 03FB02B8215A0A95001EF0D4;
			productRefGroup = 03FB02C2215A0A95001EF0D4 /* Products */;
			projectDirPath = "";
			projectRoot = "";
			targets = (
				03FB02C0215A0A95001EF0D4 /* POSMerchant */,
				03FB02D4215A0A97001EF0D4 /* POSMerchantTests */,
			);
		};
/* End PBXProject section */

/* Begin PBXResourcesBuildPhase section */
		03FB02BF215A0A95001EF0D4 /* Resources */ = {
			isa = PBXResourcesBuildPhase;
			buildActionMask = 2147483647;
			files = (
				033802BA215CBDFC00C2501F /* TabBar.storyboard in Resources */,
				033802AE215CA3BC00C2501F /* Loading.storyboard in Resources */,
				033802D5215DDF4700C2501F /* SelectToken.storyboard in Resources */,
				0306DC95215A27D600612953 /* Signin.storyboard in Resources */,
				033802BD215CBE7400C2501F /* KeypadInput.storyboard in Resources */,
				03C94B54215B49D5007DF271 /* AccountTableViewCell.xib in Resources */,
				033802C0215CBE8F00C2501F /* Topup.storyboard in Resources */,
				033802C6215CC0E000C2501F /* Keyboard.storyboard in Resources */,
				03FB02F5215A0DDF001EF0D4 /* Localizable.strings in Resources */,
				03FB02F7215A0DDF001EF0D4 /* Assets.xcassets in Resources */,
				033802E62161EBD100C2501F /* QRReader.storyboard in Resources */,
				0325B59321632CDF006850FF /* Transaction.storyboard in Resources */,
				033802C3215CBEA000C2501F /* More.storyboard in Resources */,
				033802DF215DEAB400C2501F /* BalanceTableViewCell.xib in Resources */,
				0306DCA7215A334E00612953 /* LoadingView.xib in Resources */,
				03FB02F6215A0DDF001EF0D4 /* LaunchScreen.storyboard in Resources */,
				03C94B41215B4109007DF271 /* AccountSelection.storyboard in Resources */,
				0354DE1221673D7C009D9E7B /* TransactionTableViewCell.xib in Resources */,
				0306DC92215A27C900612953 /* Welcome.storyboard in Resources */,
			);
			runOnlyForDeploymentPostprocessing = 0;
		};
		03FB02D3215A0A97001EF0D4 /* Resources */ = {
			isa = PBXResourcesBuildPhase;
			buildActionMask = 2147483647;
			files = (
				0328FF022181799500AC7CD2 /* Fixtures in Resources */,
			);
			runOnlyForDeploymentPostprocessing = 0;
		};
/* End PBXResourcesBuildPhase section */

/* Begin PBXShellScriptBuildPhase section */
		03FB02F8215A0E8C001EF0D4 /* ShellScript */ = {
			isa = PBXShellScriptBuildPhase;
			buildActionMask = 2147483647;
			files = (
			);
			inputPaths = (
			);
			outputPaths = (
			);
			runOnlyForDeploymentPostprocessing = 0;
			shellPath = /bin/sh;
			shellScript = "if which swiftlint >/dev/null; then\nswiftlint lint\nswiftlint lint --config .swiftlint-test.yml\nelse\necho \"warning: SwiftLint not installed, download from https://github.com/realm/SwiftLint\"\nfi\nif which swiftformat >/dev/null; then\nswiftformat . --commas false --self insert\nelse\necho \"warning: SwiftFormat not installed, download from https://github.com/nicklockwood/SwiftFormat\"\nfi\n";
		};
		CFE141C26391D671F78D43C9 /* [CP] Check Pods Manifest.lock */ = {
			isa = PBXShellScriptBuildPhase;
			buildActionMask = 2147483647;
			files = (
			);
			inputPaths = (
				"${PODS_PODFILE_DIR_PATH}/Podfile.lock",
				"${PODS_ROOT}/Manifest.lock",
			);
			name = "[CP] Check Pods Manifest.lock";
			outputPaths = (
				"$(DERIVED_FILE_DIR)/Pods-POSMerchantTests-checkManifestLockResult.txt",
			);
			runOnlyForDeploymentPostprocessing = 0;
			shellPath = /bin/sh;
			shellScript = "diff \"${PODS_PODFILE_DIR_PATH}/Podfile.lock\" \"${PODS_ROOT}/Manifest.lock\" > /dev/null\nif [ $? != 0 ] ; then\n    # print error to STDERR\n    echo \"error: The sandbox is not in sync with the Podfile.lock. Run 'pod install' or update your CocoaPods installation.\" >&2\n    exit 1\nfi\n# This output is used by Xcode 'outputs' to avoid re-running this script phase.\necho \"SUCCESS\" > \"${SCRIPT_OUTPUT_FILE_0}\"\n";
			showEnvVarsInLog = 0;
		};
		EB6F6EF0996DFE049CE736F0 /* [CP] Check Pods Manifest.lock */ = {
			isa = PBXShellScriptBuildPhase;
			buildActionMask = 2147483647;
			files = (
			);
			inputPaths = (
				"${PODS_PODFILE_DIR_PATH}/Podfile.lock",
				"${PODS_ROOT}/Manifest.lock",
			);
			name = "[CP] Check Pods Manifest.lock";
			outputPaths = (
				"$(DERIVED_FILE_DIR)/Pods-POSMerchant-checkManifestLockResult.txt",
			);
			runOnlyForDeploymentPostprocessing = 0;
			shellPath = /bin/sh;
			shellScript = "diff \"${PODS_PODFILE_DIR_PATH}/Podfile.lock\" \"${PODS_ROOT}/Manifest.lock\" > /dev/null\nif [ $? != 0 ] ; then\n    # print error to STDERR\n    echo \"error: The sandbox is not in sync with the Podfile.lock. Run 'pod install' or update your CocoaPods installation.\" >&2\n    exit 1\nfi\n# This output is used by Xcode 'outputs' to avoid re-running this script phase.\necho \"SUCCESS\" > \"${SCRIPT_OUTPUT_FILE_0}\"\n";
			showEnvVarsInLog = 0;
		};
		EB9D3E963FCBD3681AF6D1DA /* [CP] Embed Pods Frameworks */ = {
			isa = PBXShellScriptBuildPhase;
			buildActionMask = 2147483647;
			files = (
			);
			inputPaths = (
				"${SRCROOT}/Pods/Target Support Files/Pods-POSMerchant/Pods-POSMerchant-frameworks.sh",
				"${BUILT_PRODUCTS_DIR}/Alamofire/Alamofire.framework",
				"${BUILT_PRODUCTS_DIR}/AlamofireImage/AlamofireImage.framework",
				"${BUILT_PRODUCTS_DIR}/BigInt/BigInt.framework",
				"${BUILT_PRODUCTS_DIR}/KeychainAccess/KeychainAccess.framework",
				"${BUILT_PRODUCTS_DIR}/MBProgressHUD/MBProgressHUD.framework",
				"${BUILT_PRODUCTS_DIR}/OmiseGO/OmiseGO.framework",
				"${BUILT_PRODUCTS_DIR}/SipHash/SipHash.framework",
				"${BUILT_PRODUCTS_DIR}/SkyFloatingLabelTextField/SkyFloatingLabelTextField.framework",
				"${BUILT_PRODUCTS_DIR}/Starscream/Starscream.framework",
				"${BUILT_PRODUCTS_DIR}/TPKeyboardAvoiding/TPKeyboardAvoiding.framework",
				"${BUILT_PRODUCTS_DIR}/Toaster/Toaster.framework",
			);
			name = "[CP] Embed Pods Frameworks";
			outputPaths = (
				"${TARGET_BUILD_DIR}/${FRAMEWORKS_FOLDER_PATH}/Alamofire.framework",
				"${TARGET_BUILD_DIR}/${FRAMEWORKS_FOLDER_PATH}/AlamofireImage.framework",
				"${TARGET_BUILD_DIR}/${FRAMEWORKS_FOLDER_PATH}/BigInt.framework",
				"${TARGET_BUILD_DIR}/${FRAMEWORKS_FOLDER_PATH}/KeychainAccess.framework",
				"${TARGET_BUILD_DIR}/${FRAMEWORKS_FOLDER_PATH}/MBProgressHUD.framework",
				"${TARGET_BUILD_DIR}/${FRAMEWORKS_FOLDER_PATH}/OmiseGO.framework",
				"${TARGET_BUILD_DIR}/${FRAMEWORKS_FOLDER_PATH}/SipHash.framework",
				"${TARGET_BUILD_DIR}/${FRAMEWORKS_FOLDER_PATH}/SkyFloatingLabelTextField.framework",
				"${TARGET_BUILD_DIR}/${FRAMEWORKS_FOLDER_PATH}/Starscream.framework",
				"${TARGET_BUILD_DIR}/${FRAMEWORKS_FOLDER_PATH}/TPKeyboardAvoiding.framework",
				"${TARGET_BUILD_DIR}/${FRAMEWORKS_FOLDER_PATH}/Toaster.framework",
			);
			runOnlyForDeploymentPostprocessing = 0;
			shellPath = /bin/sh;
			shellScript = "\"${SRCROOT}/Pods/Target Support Files/Pods-POSMerchant/Pods-POSMerchant-frameworks.sh\"\n";
			showEnvVarsInLog = 0;
		};
/* End PBXShellScriptBuildPhase section */

/* Begin PBXSourcesBuildPhase section */
		03FB02BD215A0A95001EF0D4 /* Sources */ = {
			isa = PBXSourcesBuildPhase;
			buildActionMask = 2147483647;
			files = (
				032BACAD2165CE9F00D63EBC /* TabBarViewModel.swift in Sources */,
				0306DC8C215A25A100612953 /* UserDefaultsWrapper.swift in Sources */,
				03467AB72165EF6A00A33064 /* TopUpViewModel.swift in Sources */,
				033802D2215CC97700C2501F /* KeyboardViewModel.swift in Sources */,
				033802A7215B9ABC00C2501F /* WelcomeViewModel.swift in Sources */,
				0306DC8B215A25A100612953 /* Observable.swift in Sources */,
				0354DE06216622D2009D9E7B /* TouchIDConfirmationViewModel.swift in Sources */,
				03E0BB492164881A00FCB154 /* TransactionResultViewModelProtocol.swift in Sources */,
				0306DC8D215A25A100612953 /* Closure.swift in Sources */,
				03C94B53215B49D5007DF271 /* AccountTableViewCell.swift in Sources */,
				03C94B4D215B4852007DF271 /* AccountPaginator.swift in Sources */,
				0306DC8F215A25A100612953 /* Storyboard.swift in Sources */,
				033802D0215CC96500C2501F /* KeyboardViewModelProtocol.swift in Sources */,
				033802A5215B9AAE00C2501F /* WelcomeViewController.swift in Sources */,
				03467ABB2165F38C00A33064 /* ReceiveViewController.swift in Sources */,
				033802A9215B9AC600C2501F /* WelcomeViewModelProtocol.swift in Sources */,
				033802DE215DEAB400C2501F /* BalanceTableViewCell.swift in Sources */,
				033802E1215DEABE00C2501F /* BalanceCellViewModel.swift in Sources */,
				033802CC215CC34600C2501F /* KeypadInputViewModel.swift in Sources */,
				033802D9215DDF7F00C2501F /* SelectTokenViewModelProtocol.swift in Sources */,
				033802F02161F48700C2501F /* QRReader.swift in Sources */,
				0354DE0221661CFA009D9E7B /* MoreTableViewModel.swift in Sources */,
				0306DC82215A25A100612953 /* Biometric.swift in Sources */,
				03C94B45215B4229007DF271 /* SelectAccountTableViewController.swift in Sources */,
				0325B5992163345E006850FF /* TransactionConfirmationViewModel.swift in Sources */,
				033802B0215CA3DA00C2501F /* LoadingViewController.swift in Sources */,
				0354DE0021661CE1009D9E7B /* MoreTableViewModelProtocol.swift in Sources */,
				0306DC81215A25A100612953 /* Theme.swift in Sources */,
				0354DDFE216617BD009D9E7B /* TouchIDConfirmationViewController.swift in Sources */,
				0306DC9D215A2B2000612953 /* POSMerchantManager.swift in Sources */,
				0306DC71215A255100612953 /* SessionManager.swift in Sources */,
				0325B59521633405006850FF /* TransactionConfirmationViewController.swift in Sources */,
				0306DCAC215A355800612953 /* SigninViewModelProtocol.swift in Sources */,
				0306DC86215A25A100612953 /* Constant.swift in Sources */,
				0306DC8E215A25A100612953 /* Extension.swift in Sources */,
				0325B59721633428006850FF /* TransactionConfirmationViewModelProtocol.swift in Sources */,
				03C94B49215B4292007DF271 /* SelectAccountViewModel.swift in Sources */,
				0354DE04216622B2009D9E7B /* TouchIDConfirmationViewModelProtocol.swift in Sources */,
				03467AB32165E9F700A33064 /* KeypadInputViewController.swift in Sources */,
				0306DC84215A25A100612953 /* CustomView.swift in Sources */,
				0354DDFC2166175E009D9E7B /* MoreTableViewController.swift in Sources */,
				03E0BB472164821800FCB154 /* TransactionResultViewController.swift in Sources */,
				032BACAB2165CE7E00D63EBC /* TabBarViewController.swift in Sources */,
				03C94B4B215B441F007DF271 /* AccountCellViewModel.swift in Sources */,
				0341BCB5216DE56F001928FE /* WaitingForUserConfirmationViewController.swift in Sources */,
				0306DC97215A28C100612953 /* Publisher.swift in Sources */,
				0306DCAA215A352500612953 /* SigninViewModel.swift in Sources */,
				03467ABD2165F3A000A33064 /* TopupViewController.swift in Sources */,
				0306DC9B215A290400612953 /* POSMerchantError.swift in Sources */,
				0306DCA3215A32F000612953 /* BaseViewController.swift in Sources */,
				0354DE0E21673D5C009D9E7B /* TransactionCellViewModel.swift in Sources */,
				0306DCAE215A36C600612953 /* SigninViewController.swift in Sources */,
				0306DC83215A25A100612953 /* BaseViewControllerProtocols.swift in Sources */,
				033802B4215CA3F100C2501F /* LoadingViewModel.swift in Sources */,
				033802B2215CA3EA00C2501F /* LoadingViewModelProtocol.swift in Sources */,
				03E0BB4B2164882900FCB154 /* TransactionResultViewModel.swift in Sources */,
				033802CA215CC33400C2501F /* KeypadInputViewModelProtocol.swift in Sources */,
				033802EE2161EEFC00C2501F /* QRReaderOverlayView.swift in Sources */,
				0354DE0821673D00009D9E7B /* TransactionsViewController.swift in Sources */,
				0306DC89215A25A100612953 /* AppState.swift in Sources */,
				03FB02C5215A0A95001EF0D4 /* AppDelegate.swift in Sources */,
				0325B59B21635BF4006850FF /* TransactionBuilder.swift in Sources */,
				033802EA2161EC7D00C2501F /* QRReaderViewModelProtocol.swift in Sources */,
				0306DC85215A25A100612953 /* MBProgressHUDBuilder.swift in Sources */,
				03467AB52165EA9A00A33064 /* ReceiveViewModel.swift in Sources */,
				033802CE215CC95200C2501F /* KeyboardViewController.swift in Sources */,
				0306DCA1215A32C400612953 /* BaseViewModel.swift in Sources */,
				0354DE1121673D7C009D9E7B /* TransactionTableViewCell.swift in Sources */,
				0306DC88215A25A100612953 /* KeychainWrapper.swift in Sources */,
				0306DC99215A28D900612953 /* AppEvent.swift in Sources */,
				033802E82161EC6A00C2501F /* QRReaderViewController.swift in Sources */,
				033802EC2161EC8D00C2501F /* QRReaderViewModel.swift in Sources */,
				03C94B43215B4179007DF271 /* BaseNavigationViewController.swift in Sources */,
				0354DE0A21673D15009D9E7B /* TransactionsViewModelProtocol.swift in Sources */,
				0354DE1421673DBF009D9E7B /* TransactionPaginator.swift in Sources */,
				0306DC8A215A25A100612953 /* OmiseGOWrapper.swift in Sources */,
				033802D7215DDF7300C2501F /* SelectTokenTableViewController.swift in Sources */,
				0354DE0C21673D36009D9E7B /* TransactionsViewModel.swift in Sources */,
				03C94B47215B4259007DF271 /* SelectAccountViewModelProtocol.swift in Sources */,
				033802DB215DDFA200C2501F /* SelectTokenViewModel.swift in Sources */,
				0306DCA8215A334E00612953 /* LoadingView.swift in Sources */,
				03C94B4F215B48BC007DF271 /* Paginator.swift in Sources */,
			);
			runOnlyForDeploymentPostprocessing = 0;
		};
		03FB02D1215A0A97001EF0D4 /* Sources */ = {
			isa = PBXSourcesBuildPhase;
			buildActionMask = 2147483647;
			files = (
				0372A206217DD62200742033 /* TestSigninViewModel.swift in Sources */,
				0372A202217DD27200742033 /* SigninViewModelTests.swift in Sources */,
				0372A1FA217DBA8A00742033 /* TestSessionManager.swift in Sources */,
				0372A1FC217DBD3200742033 /* TestSocketClient.swift in Sources */,
				0328FEFE2181749200AC7CD2 /* TestAccountLoader.swift in Sources */,
				030217522181B9AA0055D800 /* SelectAccountViewContollerTests.swift in Sources */,
				0372A1FE217DC5E200742033 /* LoadingViewControllerTests.swift in Sources */,
				030217542181B9F30055D800 /* TestSelectAccountViewModel.swift in Sources */,
				03A352542182DEAC00F065F8 /* ReceiveViewModelTests.swift in Sources */,
				0328FEFC218173F100AC7CD2 /* SelectAccountViewModelTests.swift in Sources */,
				0372A204217DD5F200742033 /* SigninViewControllerTests.swift in Sources */,
				03A352582182E72800F065F8 /* KeyboardViewModelTests.swift in Sources */,
				03A352522182C57500F065F8 /* TestTokenLoader.swift in Sources */,
				03A352562182E23900F065F8 /* TopUpViewModelTests.swift in Sources */,
				03A3525A2182F0E600F065F8 /* KeyboardViewControllerTests.swift in Sources */,
				0372A200217DC60600742033 /* TestLoadingViewModel.swift in Sources */,
				0328FF002181783500AC7CD2 /* StubGenerator.swift in Sources */,
				0372A1F8217DBA0000742033 /* LoadingViewModelTests.swift in Sources */,
				03A352502182C53900F065F8 /* KeypadInputViewModelTests.swift in Sources */,
				03A3525C2182F14800F065F8 /* TestKeyboardViewModel.swift in Sources */,
			);
			runOnlyForDeploymentPostprocessing = 0;
		};
/* End PBXSourcesBuildPhase section */

/* Begin PBXTargetDependency section */
		03FB02D7215A0A97001EF0D4 /* PBXTargetDependency */ = {
			isa = PBXTargetDependency;
			target = 03FB02C0215A0A95001EF0D4 /* POSMerchant */;
			targetProxy = 03FB02D6215A0A97001EF0D4 /* PBXContainerItemProxy */;
		};
/* End PBXTargetDependency section */

/* Begin PBXVariantGroup section */
		0306DC90215A27C900612953 /* Welcome.storyboard */ = {
			isa = PBXVariantGroup;
			children = (
				0306DC91215A27C900612953 /* Base */,
			);
			name = Welcome.storyboard;
			sourceTree = "<group>";
		};
		0306DC93215A27D600612953 /* Signin.storyboard */ = {
			isa = PBXVariantGroup;
			children = (
				0306DC94215A27D600612953 /* Base */,
			);
			name = Signin.storyboard;
			sourceTree = "<group>";
		};
		0325B59121632CDF006850FF /* Transaction.storyboard */ = {
			isa = PBXVariantGroup;
			children = (
				0325B59221632CDF006850FF /* Base */,
			);
			name = Transaction.storyboard;
			sourceTree = "<group>";
		};
		033802AC215CA3BC00C2501F /* Loading.storyboard */ = {
			isa = PBXVariantGroup;
			children = (
				033802AD215CA3BC00C2501F /* Base */,
			);
			name = Loading.storyboard;
			sourceTree = "<group>";
		};
		033802B8215CBDFC00C2501F /* TabBar.storyboard */ = {
			isa = PBXVariantGroup;
			children = (
				033802B9215CBDFC00C2501F /* Base */,
			);
			name = TabBar.storyboard;
			sourceTree = "<group>";
		};
		033802BB215CBE7400C2501F /* KeypadInput.storyboard */ = {
			isa = PBXVariantGroup;
			children = (
				033802BC215CBE7400C2501F /* Base */,
			);
			name = KeypadInput.storyboard;
			sourceTree = "<group>";
		};
		033802BE215CBE8F00C2501F /* Topup.storyboard */ = {
			isa = PBXVariantGroup;
			children = (
				033802BF215CBE8F00C2501F /* Base */,
			);
			name = Topup.storyboard;
			sourceTree = "<group>";
		};
		033802C1215CBEA000C2501F /* More.storyboard */ = {
			isa = PBXVariantGroup;
			children = (
				033802C2215CBEA000C2501F /* Base */,
			);
			name = More.storyboard;
			sourceTree = "<group>";
		};
		033802C4215CC0E000C2501F /* Keyboard.storyboard */ = {
			isa = PBXVariantGroup;
			children = (
				033802C5215CC0E000C2501F /* Base */,
			);
			name = Keyboard.storyboard;
			sourceTree = "<group>";
		};
		033802D3215DDF4700C2501F /* SelectToken.storyboard */ = {
			isa = PBXVariantGroup;
			children = (
				033802D4215DDF4700C2501F /* Base */,
			);
			name = SelectToken.storyboard;
			sourceTree = "<group>";
		};
		033802E42161EBD100C2501F /* QRReader.storyboard */ = {
			isa = PBXVariantGroup;
			children = (
				033802E52161EBD100C2501F /* Base */,
			);
			name = QRReader.storyboard;
			sourceTree = "<group>";
		};
		03C94B3F215B4109007DF271 /* AccountSelection.storyboard */ = {
			isa = PBXVariantGroup;
			children = (
				03C94B40215B4109007DF271 /* Base */,
			);
			name = AccountSelection.storyboard;
			sourceTree = "<group>";
		};
		03FB02E7215A0DDE001EF0D4 /* Localizable.strings */ = {
			isa = PBXVariantGroup;
			children = (
				03FB02E8215A0DDE001EF0D4 /* Base */,
			);
			name = Localizable.strings;
			sourceTree = "<group>";
		};
		03FB02ED215A0DDF001EF0D4 /* LaunchScreen.storyboard */ = {
			isa = PBXVariantGroup;
			children = (
				03FB02EE215A0DDF001EF0D4 /* Base */,
			);
			name = LaunchScreen.storyboard;
			sourceTree = "<group>";
		};
/* End PBXVariantGroup section */

/* Begin XCBuildConfiguration section */
		03FB02DC215A0A97001EF0D4 /* Debug */ = {
			isa = XCBuildConfiguration;
			buildSettings = {
				ALWAYS_SEARCH_USER_PATHS = NO;
				CLANG_ANALYZER_NONNULL = YES;
				CLANG_ANALYZER_NUMBER_OBJECT_CONVERSION = YES_AGGRESSIVE;
				CLANG_CXX_LANGUAGE_STANDARD = "gnu++14";
				CLANG_CXX_LIBRARY = "libc++";
				CLANG_ENABLE_MODULES = YES;
				CLANG_ENABLE_OBJC_ARC = YES;
				CLANG_ENABLE_OBJC_WEAK = YES;
				CLANG_WARN_BLOCK_CAPTURE_AUTORELEASING = YES;
				CLANG_WARN_BOOL_CONVERSION = YES;
				CLANG_WARN_COMMA = YES;
				CLANG_WARN_CONSTANT_CONVERSION = YES;
				CLANG_WARN_DEPRECATED_OBJC_IMPLEMENTATIONS = YES;
				CLANG_WARN_DIRECT_OBJC_ISA_USAGE = YES_ERROR;
				CLANG_WARN_DOCUMENTATION_COMMENTS = YES;
				CLANG_WARN_EMPTY_BODY = YES;
				CLANG_WARN_ENUM_CONVERSION = YES;
				CLANG_WARN_INFINITE_RECURSION = YES;
				CLANG_WARN_INT_CONVERSION = YES;
				CLANG_WARN_NON_LITERAL_NULL_CONVERSION = YES;
				CLANG_WARN_OBJC_IMPLICIT_RETAIN_SELF = YES;
				CLANG_WARN_OBJC_LITERAL_CONVERSION = YES;
				CLANG_WARN_OBJC_ROOT_CLASS = YES_ERROR;
				CLANG_WARN_RANGE_LOOP_ANALYSIS = YES;
				CLANG_WARN_STRICT_PROTOTYPES = YES;
				CLANG_WARN_SUSPICIOUS_MOVE = YES;
				CLANG_WARN_UNGUARDED_AVAILABILITY = YES_AGGRESSIVE;
				CLANG_WARN_UNREACHABLE_CODE = YES;
				CLANG_WARN__DUPLICATE_METHOD_MATCH = YES;
				CODE_SIGN_IDENTITY = "iPhone Developer";
				COPY_PHASE_STRIP = NO;
				DEBUG_INFORMATION_FORMAT = dwarf;
				ENABLE_STRICT_OBJC_MSGSEND = YES;
				ENABLE_TESTABILITY = YES;
				GCC_C_LANGUAGE_STANDARD = gnu11;
				GCC_DYNAMIC_NO_PIC = NO;
				GCC_NO_COMMON_BLOCKS = YES;
				GCC_OPTIMIZATION_LEVEL = 0;
				GCC_PREPROCESSOR_DEFINITIONS = (
					"DEBUG=1",
					"$(inherited)",
				);
				GCC_WARN_64_TO_32_BIT_CONVERSION = YES;
				GCC_WARN_ABOUT_RETURN_TYPE = YES_ERROR;
				GCC_WARN_UNDECLARED_SELECTOR = YES;
				GCC_WARN_UNINITIALIZED_AUTOS = YES_AGGRESSIVE;
				GCC_WARN_UNUSED_FUNCTION = YES;
				GCC_WARN_UNUSED_VARIABLE = YES;
				IPHONEOS_DEPLOYMENT_TARGET = 12.0;
				MTL_ENABLE_DEBUG_INFO = INCLUDE_SOURCE;
				MTL_FAST_MATH = YES;
				ONLY_ACTIVE_ARCH = YES;
				SDKROOT = iphoneos;
				SWIFT_ACTIVE_COMPILATION_CONDITIONS = DEBUG;
				SWIFT_OPTIMIZATION_LEVEL = "-Onone";
			};
			name = Debug;
		};
		03FB02DD215A0A97001EF0D4 /* Release */ = {
			isa = XCBuildConfiguration;
			buildSettings = {
				ALWAYS_SEARCH_USER_PATHS = NO;
				CLANG_ANALYZER_NONNULL = YES;
				CLANG_ANALYZER_NUMBER_OBJECT_CONVERSION = YES_AGGRESSIVE;
				CLANG_CXX_LANGUAGE_STANDARD = "gnu++14";
				CLANG_CXX_LIBRARY = "libc++";
				CLANG_ENABLE_MODULES = YES;
				CLANG_ENABLE_OBJC_ARC = YES;
				CLANG_ENABLE_OBJC_WEAK = YES;
				CLANG_WARN_BLOCK_CAPTURE_AUTORELEASING = YES;
				CLANG_WARN_BOOL_CONVERSION = YES;
				CLANG_WARN_COMMA = YES;
				CLANG_WARN_CONSTANT_CONVERSION = YES;
				CLANG_WARN_DEPRECATED_OBJC_IMPLEMENTATIONS = YES;
				CLANG_WARN_DIRECT_OBJC_ISA_USAGE = YES_ERROR;
				CLANG_WARN_DOCUMENTATION_COMMENTS = YES;
				CLANG_WARN_EMPTY_BODY = YES;
				CLANG_WARN_ENUM_CONVERSION = YES;
				CLANG_WARN_INFINITE_RECURSION = YES;
				CLANG_WARN_INT_CONVERSION = YES;
				CLANG_WARN_NON_LITERAL_NULL_CONVERSION = YES;
				CLANG_WARN_OBJC_IMPLICIT_RETAIN_SELF = YES;
				CLANG_WARN_OBJC_LITERAL_CONVERSION = YES;
				CLANG_WARN_OBJC_ROOT_CLASS = YES_ERROR;
				CLANG_WARN_RANGE_LOOP_ANALYSIS = YES;
				CLANG_WARN_STRICT_PROTOTYPES = YES;
				CLANG_WARN_SUSPICIOUS_MOVE = YES;
				CLANG_WARN_UNGUARDED_AVAILABILITY = YES_AGGRESSIVE;
				CLANG_WARN_UNREACHABLE_CODE = YES;
				CLANG_WARN__DUPLICATE_METHOD_MATCH = YES;
				CODE_SIGN_IDENTITY = "iPhone Developer";
				COPY_PHASE_STRIP = NO;
				DEBUG_INFORMATION_FORMAT = "dwarf-with-dsym";
				ENABLE_NS_ASSERTIONS = NO;
				ENABLE_STRICT_OBJC_MSGSEND = YES;
				GCC_C_LANGUAGE_STANDARD = gnu11;
				GCC_NO_COMMON_BLOCKS = YES;
				GCC_WARN_64_TO_32_BIT_CONVERSION = YES;
				GCC_WARN_ABOUT_RETURN_TYPE = YES_ERROR;
				GCC_WARN_UNDECLARED_SELECTOR = YES;
				GCC_WARN_UNINITIALIZED_AUTOS = YES_AGGRESSIVE;
				GCC_WARN_UNUSED_FUNCTION = YES;
				GCC_WARN_UNUSED_VARIABLE = YES;
				IPHONEOS_DEPLOYMENT_TARGET = 12.0;
				MTL_ENABLE_DEBUG_INFO = NO;
				MTL_FAST_MATH = YES;
				SDKROOT = iphoneos;
				SWIFT_COMPILATION_MODE = wholemodule;
				SWIFT_OPTIMIZATION_LEVEL = "-O";
				VALIDATE_PRODUCT = YES;
			};
			name = Release;
		};
		03FB02DF215A0A97001EF0D4 /* Debug */ = {
			isa = XCBuildConfiguration;
			baseConfigurationReference = 2CB7D629ECA6CAB2E1F4FC78 /* Pods-POSMerchant.debug.xcconfig */;
			buildSettings = {
				ASSETCATALOG_COMPILER_APPICON_NAME = AppIcon;
				CODE_SIGN_STYLE = Automatic;
				INFOPLIST_FILE = POSMerchant/Info.plist;
				IPHONEOS_DEPLOYMENT_TARGET = 11.0;
				LD_RUNPATH_SEARCH_PATHS = (
					"$(inherited)",
					"@executable_path/Frameworks",
				);
				PRODUCT_BUNDLE_IDENTIFIER = com.omisego.POSMerchant;
				PRODUCT_NAME = "$(TARGET_NAME)";
				SWIFT_VERSION = 4.2;
				TARGETED_DEVICE_FAMILY = 1;
			};
			name = Debug;
		};
		03FB02E0215A0A97001EF0D4 /* Release */ = {
			isa = XCBuildConfiguration;
			baseConfigurationReference = D040D1233551ADD345F8D03B /* Pods-POSMerchant.release.xcconfig */;
			buildSettings = {
				ASSETCATALOG_COMPILER_APPICON_NAME = AppIcon;
				CODE_SIGN_STYLE = Automatic;
				INFOPLIST_FILE = POSMerchant/Info.plist;
				IPHONEOS_DEPLOYMENT_TARGET = 11.0;
				LD_RUNPATH_SEARCH_PATHS = (
					"$(inherited)",
					"@executable_path/Frameworks",
				);
				PRODUCT_BUNDLE_IDENTIFIER = com.omisego.POSMerchant;
				PRODUCT_NAME = "$(TARGET_NAME)";
				SWIFT_VERSION = 4.2;
				TARGETED_DEVICE_FAMILY = 1;
			};
			name = Release;
		};
		03FB02E2215A0A97001EF0D4 /* Debug */ = {
			isa = XCBuildConfiguration;
			baseConfigurationReference = 7D9C300DCF52DB36D5402CAC /* Pods-POSMerchantTests.debug.xcconfig */;
			buildSettings = {
				ALWAYS_EMBED_SWIFT_STANDARD_LIBRARIES = YES;
				BUNDLE_LOADER = "$(TEST_HOST)";
				CLANG_ENABLE_MODULES = YES;
				CODE_SIGN_STYLE = Automatic;
				INFOPLIST_FILE = POSMerchantTests/Info.plist;
				LD_RUNPATH_SEARCH_PATHS = (
					"$(inherited)",
					"@executable_path/Frameworks",
					"@loader_path/Frameworks",
				);
				PRODUCT_BUNDLE_IDENTIFIER = com.omisego.POSMerchantTests;
				PRODUCT_NAME = "$(TARGET_NAME)";
				SWIFT_OPTIMIZATION_LEVEL = "-Onone";
				SWIFT_VERSION = 4.2;
				TARGETED_DEVICE_FAMILY = "1,2";
				TEST_HOST = "$(BUILT_PRODUCTS_DIR)/POSMerchant.app/POSMerchant";
			};
			name = Debug;
		};
		03FB02E3215A0A97001EF0D4 /* Release */ = {
			isa = XCBuildConfiguration;
			baseConfigurationReference = A16B828169417A22A3162583 /* Pods-POSMerchantTests.release.xcconfig */;
			buildSettings = {
				ALWAYS_EMBED_SWIFT_STANDARD_LIBRARIES = YES;
				BUNDLE_LOADER = "$(TEST_HOST)";
				CLANG_ENABLE_MODULES = YES;
				CODE_SIGN_STYLE = Automatic;
				INFOPLIST_FILE = POSMerchantTests/Info.plist;
				LD_RUNPATH_SEARCH_PATHS = (
					"$(inherited)",
					"@executable_path/Frameworks",
					"@loader_path/Frameworks",
				);
				PRODUCT_BUNDLE_IDENTIFIER = com.omisego.POSMerchantTests;
				PRODUCT_NAME = "$(TARGET_NAME)";
				SWIFT_VERSION = 4.2;
				TARGETED_DEVICE_FAMILY = "1,2";
				TEST_HOST = "$(BUILT_PRODUCTS_DIR)/POSMerchant.app/POSMerchant";
			};
			name = Release;
		};
/* End XCBuildConfiguration section */

/* Begin XCConfigurationList section */
		03FB02BC215A0A95001EF0D4 /* Build configuration list for PBXProject "POSMerchant" */ = {
			isa = XCConfigurationList;
			buildConfigurations = (
				03FB02DC215A0A97001EF0D4 /* Debug */,
				03FB02DD215A0A97001EF0D4 /* Release */,
			);
			defaultConfigurationIsVisible = 0;
			defaultConfigurationName = Release;
		};
		03FB02DE215A0A97001EF0D4 /* Build configuration list for PBXNativeTarget "POSMerchant" */ = {
			isa = XCConfigurationList;
			buildConfigurations = (
				03FB02DF215A0A97001EF0D4 /* Debug */,
				03FB02E0215A0A97001EF0D4 /* Release */,
			);
			defaultConfigurationIsVisible = 0;
			defaultConfigurationName = Release;
		};
		03FB02E1215A0A97001EF0D4 /* Build configuration list for PBXNativeTarget "POSMerchantTests" */ = {
			isa = XCConfigurationList;
			buildConfigurations = (
				03FB02E2215A0A97001EF0D4 /* Debug */,
				03FB02E3215A0A97001EF0D4 /* Release */,
			);
			defaultConfigurationIsVisible = 0;
			defaultConfigurationName = Release;
		};
/* End XCConfigurationList section */
	};
	rootObject = 03FB02B9215A0A95001EF0D4 /* Project object */;
}
